
Microsoft Visual Studio Solution File, Format Version 12.00
# Visual Studio Version 16
VisualStudioVersion = 16.0.30907.101
MinimumVisualStudioVersion = 10.0.40219.1
Project("{FAE04EC0-301F-11D3-BF4B-00C04F79EFBC}") = "Contoso.XPlatform.Android", "Contoso.XPlatform\Contoso.XPlatform.Android\Contoso.XPlatform.Android.csproj", "{224325BB-6E72-43D9-83A9-9C6597431CA0}"
EndProject
Project("{FAE04EC0-301F-11D3-BF4B-00C04F79EFBC}") = "Contoso.XPlatform.iOS", "Contoso.XPlatform\Contoso.XPlatform.iOS\Contoso.XPlatform.iOS.csproj", "{D299937C-C809-495B-A3CA-F35310233116}"
EndProject
Project("{9A19103F-16F7-4668-BE54-9A1E7A4F7556}") = "Contoso.XPlatform", "Contoso.XPlatform\Contoso.XPlatform\Contoso.XPlatform.csproj", "{1A05759C-CD91-4448-9D57-FA8F51930950}"
EndProject
Project("{2150E333-8FDC-42A3-9474-1A3956D46DE8}") = "App", "App", "{02979C4F-30FD-4355-ADBC-815BE5A98D9E}"
EndProject
Project("{2150E333-8FDC-42A3-9474-1A3956D46DE8}") = "Business", "Business", "{127BB7AD-B940-4B0E-9482-25AD7FF7119D}"
EndProject
Project("{9A19103F-16F7-4668-BE54-9A1E7A4F7556}") = "Contoso.Domain", "Contoso.Domain\Contoso.Domain.csproj", "{7933FB76-15CC-4709-9ECD-5BAD5808EF79}"
EndProject
Project("{2150E333-8FDC-42A3-9474-1A3956D46DE8}") = "Common", "Common", "{E0060AE8-3BDE-4909-BFF4-8B0556B632B0}"
EndProject
Project("{9A19103F-16F7-4668-BE54-9A1E7A4F7556}") = "Contoso.Utils", "Contoso.Utils\Contoso.Utils.csproj", "{52E4E83F-40EA-41DC-9B96-869BCB49F7A4}"
EndProject
Project("{2150E333-8FDC-42A3-9474-1A3956D46DE8}") = "BSL", "BSL", "{388D5030-C849-4E07-B76F-618E457B397F}"
EndProject
Project("{2150E333-8FDC-42A3-9474-1A3956D46DE8}") = "EF", "EF", "{F8AD8F8D-9626-4049-8665-8E426713A17E}"
EndProject
Project("{9A19103F-16F7-4668-BE54-9A1E7A4F7556}") = "Contoso.Data", "Contoso.Data\Contoso.Data.csproj", "{D82FD519-D644-4283-A53D-E6EFDE3F6F24}"
EndProject
Project("{9A19103F-16F7-4668-BE54-9A1E7A4F7556}") = "Contoso.Parameters", "Contoso.Parameters\Contoso.Parameters.csproj", "{DBFB15AD-45E8-40D0-B5B8-098A17D9920B}"
EndProject
Project("{2150E333-8FDC-42A3-9474-1A3956D46DE8}") = "Consoles", "Consoles", "{4C97696E-814E-4849-9598-A7DC3074CA76}"
EndProject
Project("{9A19103F-16F7-4668-BE54-9A1E7A4F7556}") = "CreateExpressionParametersFromOperators", "CreateExpressionParametersFromOperators\CreateExpressionParametersFromOperators.csproj", "{4E505AFD-C11F-43B8-98F1-5047EF38B1B1}"
EndProject
Project("{9A19103F-16F7-4668-BE54-9A1E7A4F7556}") = "Contoso.AutoMapperProfiles", "Contoso.AutoMapperProfiles\Contoso.AutoMapperProfiles.csproj", "{4BAAE7AD-6D9C-4CF8-8A49-BB220F6500CA}"
EndProject
Project("{9A19103F-16F7-4668-BE54-9A1E7A4F7556}") = "Contoso.Common.Configuration", "Contoso.Common.Configuration\Contoso.Common.Configuration.csproj", "{506AEE0B-921F-4C8C-A6F3-5731607F1335}"
EndProject
Project("{9A19103F-16F7-4668-BE54-9A1E7A4F7556}") = "CreateExpressionDescriptorsFromOperators", "CreateExpressionDescriptorsFromOperators\CreateExpressionDescriptorsFromOperators.csproj", "{C1C9C30E-714A-4D14-8C6D-E6320F82DD0A}"
EndProject
Project("{2150E333-8FDC-42A3-9474-1A3956D46DE8}") = "Tests", "Tests", "{49D8D999-C886-4AB0-B9F2-C127C15F1F73}"
EndProject
Project("{9A19103F-16F7-4668-BE54-9A1E7A4F7556}") = "Contoso.Bsl.Business", "Contoso.Bsl.Business\Contoso.Bsl.Business.csproj", "{AF2303BE-9CF5-4DC5-9DA4-6F45AFF0690F}"
EndProject
Project("{9A19103F-16F7-4668-BE54-9A1E7A4F7556}") = "Contoso.Forms.Configuration", "Contoso.Forms.Configuration\Contoso.Forms.Configuration.csproj", "{94D369F1-BE15-4ACE-BB63-742840858F40}"
EndProject
Project("{9A19103F-16F7-4668-BE54-9A1E7A4F7556}") = "Contoso.XPlatform.Flow", "Contoso.XPlatform.Flow\Contoso.XPlatform.Flow.csproj", "{97A8ECF5-3603-42EF-AD7D-9F119CA2CE52}"
EndProject
Project("{9A19103F-16F7-4668-BE54-9A1E7A4F7556}") = "Contoso.Forms.Parameters", "Contoso.Forms.Parameters\Contoso.Forms.Parameters.csproj", "{27DAAF16-9949-41B5-89C6-A09FCB0FDDBF}"
EndProject
Project("{2150E333-8FDC-42A3-9474-1A3956D46DE8}") = "App", "App", "{3976D244-96EB-4B4B-AB6A-3ECEEF6C7A73}"
EndProject
Project("{9A19103F-16F7-4668-BE54-9A1E7A4F7556}") = "Contoso.XPlatform.Tests", "Contoso.XPlatform.Tests\Contoso.XPlatform.Tests.csproj", "{DEF3A2F1-58FE-4F3F-A0FF-D529AB0EA852}"
EndProject
Project("{9A19103F-16F7-4668-BE54-9A1E7A4F7556}") = "CreateFormsParametersFromFormsDescriptors", "CreateFormsParametersFromFormsDescriptors\CreateFormsParametersFromFormsDescriptors.csproj", "{1307B4B0-042A-42E5-A2E3-12D92F739927}"
EndProject
Project("{9A19103F-16F7-4668-BE54-9A1E7A4F7556}") = "Contoso.Common.Utils", "Contoso.Common.Utils\Contoso.Common.Utils.csproj", "{E4D24B18-ADEB-4877-A72B-D3A932278362}"
EndProject
Project("{9A19103F-16F7-4668-BE54-9A1E7A4F7556}") = "Contoso.XPlatform.AutoMapperProfiles", "Contoso.XPlatform.AutoMapperProfiles\Contoso.XPlatform.AutoMapperProfiles.csproj", "{FD7AB48D-3AEA-4755-ADD6-CBBB540D8334}"
EndProject
Global
	GlobalSection(SolutionConfigurationPlatforms) = preSolution
		Debug|Any CPU = Debug|Any CPU
		Debug|iPhone = Debug|iPhone
		Debug|iPhoneSimulator = Debug|iPhoneSimulator
		Release|Any CPU = Release|Any CPU
		Release|iPhone = Release|iPhone
		Release|iPhoneSimulator = Release|iPhoneSimulator
	EndGlobalSection
	GlobalSection(ProjectConfigurationPlatforms) = postSolution
		{224325BB-6E72-43D9-83A9-9C6597431CA0}.Debug|Any CPU.ActiveCfg = Debug|Any CPU
		{224325BB-6E72-43D9-83A9-9C6597431CA0}.Debug|Any CPU.Build.0 = Debug|Any CPU
		{224325BB-6E72-43D9-83A9-9C6597431CA0}.Debug|Any CPU.Deploy.0 = Debug|Any CPU
		{224325BB-6E72-43D9-83A9-9C6597431CA0}.Debug|iPhone.ActiveCfg = Debug|Any CPU
		{224325BB-6E72-43D9-83A9-9C6597431CA0}.Debug|iPhone.Build.0 = Debug|Any CPU
		{224325BB-6E72-43D9-83A9-9C6597431CA0}.Debug|iPhone.Deploy.0 = Debug|Any CPU
		{224325BB-6E72-43D9-83A9-9C6597431CA0}.Debug|iPhoneSimulator.ActiveCfg = Debug|Any CPU
		{224325BB-6E72-43D9-83A9-9C6597431CA0}.Debug|iPhoneSimulator.Build.0 = Debug|Any CPU
		{224325BB-6E72-43D9-83A9-9C6597431CA0}.Debug|iPhoneSimulator.Deploy.0 = Debug|Any CPU
		{224325BB-6E72-43D9-83A9-9C6597431CA0}.Release|Any CPU.ActiveCfg = Release|Any CPU
		{224325BB-6E72-43D9-83A9-9C6597431CA0}.Release|Any CPU.Build.0 = Release|Any CPU
		{224325BB-6E72-43D9-83A9-9C6597431CA0}.Release|Any CPU.Deploy.0 = Release|Any CPU
		{224325BB-6E72-43D9-83A9-9C6597431CA0}.Release|iPhone.ActiveCfg = Release|Any CPU
		{224325BB-6E72-43D9-83A9-9C6597431CA0}.Release|iPhone.Build.0 = Release|Any CPU
		{224325BB-6E72-43D9-83A9-9C6597431CA0}.Release|iPhone.Deploy.0 = Release|Any CPU
		{224325BB-6E72-43D9-83A9-9C6597431CA0}.Release|iPhoneSimulator.ActiveCfg = Release|Any CPU
		{224325BB-6E72-43D9-83A9-9C6597431CA0}.Release|iPhoneSimulator.Build.0 = Release|Any CPU
		{224325BB-6E72-43D9-83A9-9C6597431CA0}.Release|iPhoneSimulator.Deploy.0 = Release|Any CPU
		{D299937C-C809-495B-A3CA-F35310233116}.Debug|Any CPU.ActiveCfg = Debug|iPhone
		{D299937C-C809-495B-A3CA-F35310233116}.Debug|Any CPU.Build.0 = Debug|iPhone
		{D299937C-C809-495B-A3CA-F35310233116}.Debug|Any CPU.Deploy.0 = Debug|iPhone
		{D299937C-C809-495B-A3CA-F35310233116}.Debug|iPhone.ActiveCfg = Debug|iPhone
		{D299937C-C809-495B-A3CA-F35310233116}.Debug|iPhone.Build.0 = Debug|iPhone
		{D299937C-C809-495B-A3CA-F35310233116}.Debug|iPhone.Deploy.0 = Debug|iPhone
		{D299937C-C809-495B-A3CA-F35310233116}.Debug|iPhoneSimulator.ActiveCfg = Debug|iPhoneSimulator
		{D299937C-C809-495B-A3CA-F35310233116}.Debug|iPhoneSimulator.Build.0 = Debug|iPhoneSimulator
		{D299937C-C809-495B-A3CA-F35310233116}.Debug|iPhoneSimulator.Deploy.0 = Debug|iPhoneSimulator
		{D299937C-C809-495B-A3CA-F35310233116}.Release|Any CPU.ActiveCfg = Release|iPhoneSimulator
		{D299937C-C809-495B-A3CA-F35310233116}.Release|Any CPU.Build.0 = Release|iPhoneSimulator
		{D299937C-C809-495B-A3CA-F35310233116}.Release|Any CPU.Deploy.0 = Release|iPhoneSimulator
		{D299937C-C809-495B-A3CA-F35310233116}.Release|iPhone.ActiveCfg = Release|iPhone
		{D299937C-C809-495B-A3CA-F35310233116}.Release|iPhone.Build.0 = Release|iPhone
		{D299937C-C809-495B-A3CA-F35310233116}.Release|iPhone.Deploy.0 = Release|iPhone
		{D299937C-C809-495B-A3CA-F35310233116}.Release|iPhoneSimulator.ActiveCfg = Release|iPhoneSimulator
		{D299937C-C809-495B-A3CA-F35310233116}.Release|iPhoneSimulator.Build.0 = Release|iPhoneSimulator
		{D299937C-C809-495B-A3CA-F35310233116}.Release|iPhoneSimulator.Deploy.0 = Release|iPhoneSimulator
		{1A05759C-CD91-4448-9D57-FA8F51930950}.Debug|Any CPU.ActiveCfg = Debug|Any CPU
		{1A05759C-CD91-4448-9D57-FA8F51930950}.Debug|Any CPU.Build.0 = Debug|Any CPU
		{1A05759C-CD91-4448-9D57-FA8F51930950}.Debug|Any CPU.Deploy.0 = Debug|Any CPU
		{1A05759C-CD91-4448-9D57-FA8F51930950}.Debug|iPhone.ActiveCfg = Debug|Any CPU
		{1A05759C-CD91-4448-9D57-FA8F51930950}.Debug|iPhone.Build.0 = Debug|Any CPU
		{1A05759C-CD91-4448-9D57-FA8F51930950}.Debug|iPhone.Deploy.0 = Debug|Any CPU
		{1A05759C-CD91-4448-9D57-FA8F51930950}.Debug|iPhoneSimulator.ActiveCfg = Debug|Any CPU
		{1A05759C-CD91-4448-9D57-FA8F51930950}.Debug|iPhoneSimulator.Build.0 = Debug|Any CPU
		{1A05759C-CD91-4448-9D57-FA8F51930950}.Debug|iPhoneSimulator.Deploy.0 = Debug|Any CPU
		{1A05759C-CD91-4448-9D57-FA8F51930950}.Release|Any CPU.ActiveCfg = Release|Any CPU
		{1A05759C-CD91-4448-9D57-FA8F51930950}.Release|Any CPU.Build.0 = Release|Any CPU
		{1A05759C-CD91-4448-9D57-FA8F51930950}.Release|Any CPU.Deploy.0 = Release|Any CPU
		{1A05759C-CD91-4448-9D57-FA8F51930950}.Release|iPhone.ActiveCfg = Release|Any CPU
		{1A05759C-CD91-4448-9D57-FA8F51930950}.Release|iPhone.Build.0 = Release|Any CPU
		{1A05759C-CD91-4448-9D57-FA8F51930950}.Release|iPhone.Deploy.0 = Release|Any CPU
		{1A05759C-CD91-4448-9D57-FA8F51930950}.Release|iPhoneSimulator.ActiveCfg = Release|Any CPU
		{1A05759C-CD91-4448-9D57-FA8F51930950}.Release|iPhoneSimulator.Build.0 = Release|Any CPU
		{1A05759C-CD91-4448-9D57-FA8F51930950}.Release|iPhoneSimulator.Deploy.0 = Release|Any CPU
		{7933FB76-15CC-4709-9ECD-5BAD5808EF79}.Debug|Any CPU.ActiveCfg = Debug|Any CPU
		{7933FB76-15CC-4709-9ECD-5BAD5808EF79}.Debug|Any CPU.Build.0 = Debug|Any CPU
		{7933FB76-15CC-4709-9ECD-5BAD5808EF79}.Debug|iPhone.ActiveCfg = Debug|Any CPU
		{7933FB76-15CC-4709-9ECD-5BAD5808EF79}.Debug|iPhone.Build.0 = Debug|Any CPU
		{7933FB76-15CC-4709-9ECD-5BAD5808EF79}.Debug|iPhoneSimulator.ActiveCfg = Debug|Any CPU
		{7933FB76-15CC-4709-9ECD-5BAD5808EF79}.Debug|iPhoneSimulator.Build.0 = Debug|Any CPU
		{7933FB76-15CC-4709-9ECD-5BAD5808EF79}.Release|Any CPU.ActiveCfg = Release|Any CPU
		{7933FB76-15CC-4709-9ECD-5BAD5808EF79}.Release|Any CPU.Build.0 = Release|Any CPU
		{7933FB76-15CC-4709-9ECD-5BAD5808EF79}.Release|iPhone.ActiveCfg = Release|Any CPU
		{7933FB76-15CC-4709-9ECD-5BAD5808EF79}.Release|iPhone.Build.0 = Release|Any CPU
		{7933FB76-15CC-4709-9ECD-5BAD5808EF79}.Release|iPhoneSimulator.ActiveCfg = Release|Any CPU
		{7933FB76-15CC-4709-9ECD-5BAD5808EF79}.Release|iPhoneSimulator.Build.0 = Release|Any CPU
		{52E4E83F-40EA-41DC-9B96-869BCB49F7A4}.Debug|Any CPU.ActiveCfg = Debug|Any CPU
		{52E4E83F-40EA-41DC-9B96-869BCB49F7A4}.Debug|Any CPU.Build.0 = Debug|Any CPU
		{52E4E83F-40EA-41DC-9B96-869BCB49F7A4}.Debug|iPhone.ActiveCfg = Debug|Any CPU
		{52E4E83F-40EA-41DC-9B96-869BCB49F7A4}.Debug|iPhone.Build.0 = Debug|Any CPU
		{52E4E83F-40EA-41DC-9B96-869BCB49F7A4}.Debug|iPhoneSimulator.ActiveCfg = Debug|Any CPU
		{52E4E83F-40EA-41DC-9B96-869BCB49F7A4}.Debug|iPhoneSimulator.Build.0 = Debug|Any CPU
		{52E4E83F-40EA-41DC-9B96-869BCB49F7A4}.Release|Any CPU.ActiveCfg = Release|Any CPU
		{52E4E83F-40EA-41DC-9B96-869BCB49F7A4}.Release|Any CPU.Build.0 = Release|Any CPU
		{52E4E83F-40EA-41DC-9B96-869BCB49F7A4}.Release|iPhone.ActiveCfg = Release|Any CPU
		{52E4E83F-40EA-41DC-9B96-869BCB49F7A4}.Release|iPhone.Build.0 = Release|Any CPU
		{52E4E83F-40EA-41DC-9B96-869BCB49F7A4}.Release|iPhoneSimulator.ActiveCfg = Release|Any CPU
		{52E4E83F-40EA-41DC-9B96-869BCB49F7A4}.Release|iPhoneSimulator.Build.0 = Release|Any CPU
		{D82FD519-D644-4283-A53D-E6EFDE3F6F24}.Debug|Any CPU.ActiveCfg = Debug|Any CPU
		{D82FD519-D644-4283-A53D-E6EFDE3F6F24}.Debug|Any CPU.Build.0 = Debug|Any CPU
		{D82FD519-D644-4283-A53D-E6EFDE3F6F24}.Debug|iPhone.ActiveCfg = Debug|Any CPU
		{D82FD519-D644-4283-A53D-E6EFDE3F6F24}.Debug|iPhone.Build.0 = Debug|Any CPU
		{D82FD519-D644-4283-A53D-E6EFDE3F6F24}.Debug|iPhoneSimulator.ActiveCfg = Debug|Any CPU
		{D82FD519-D644-4283-A53D-E6EFDE3F6F24}.Debug|iPhoneSimulator.Build.0 = Debug|Any CPU
		{D82FD519-D644-4283-A53D-E6EFDE3F6F24}.Release|Any CPU.ActiveCfg = Release|Any CPU
		{D82FD519-D644-4283-A53D-E6EFDE3F6F24}.Release|Any CPU.Build.0 = Release|Any CPU
		{D82FD519-D644-4283-A53D-E6EFDE3F6F24}.Release|iPhone.ActiveCfg = Release|Any CPU
		{D82FD519-D644-4283-A53D-E6EFDE3F6F24}.Release|iPhone.Build.0 = Release|Any CPU
		{D82FD519-D644-4283-A53D-E6EFDE3F6F24}.Release|iPhoneSimulator.ActiveCfg = Release|Any CPU
		{D82FD519-D644-4283-A53D-E6EFDE3F6F24}.Release|iPhoneSimulator.Build.0 = Release|Any CPU
		{DBFB15AD-45E8-40D0-B5B8-098A17D9920B}.Debug|Any CPU.ActiveCfg = Debug|Any CPU
		{DBFB15AD-45E8-40D0-B5B8-098A17D9920B}.Debug|Any CPU.Build.0 = Debug|Any CPU
		{DBFB15AD-45E8-40D0-B5B8-098A17D9920B}.Debug|iPhone.ActiveCfg = Debug|Any CPU
		{DBFB15AD-45E8-40D0-B5B8-098A17D9920B}.Debug|iPhone.Build.0 = Debug|Any CPU
		{DBFB15AD-45E8-40D0-B5B8-098A17D9920B}.Debug|iPhoneSimulator.ActiveCfg = Debug|Any CPU
		{DBFB15AD-45E8-40D0-B5B8-098A17D9920B}.Debug|iPhoneSimulator.Build.0 = Debug|Any CPU
		{DBFB15AD-45E8-40D0-B5B8-098A17D9920B}.Release|Any CPU.ActiveCfg = Release|Any CPU
		{DBFB15AD-45E8-40D0-B5B8-098A17D9920B}.Release|Any CPU.Build.0 = Release|Any CPU
		{DBFB15AD-45E8-40D0-B5B8-098A17D9920B}.Release|iPhone.ActiveCfg = Release|Any CPU
		{DBFB15AD-45E8-40D0-B5B8-098A17D9920B}.Release|iPhone.Build.0 = Release|Any CPU
		{DBFB15AD-45E8-40D0-B5B8-098A17D9920B}.Release|iPhoneSimulator.ActiveCfg = Release|Any CPU
		{DBFB15AD-45E8-40D0-B5B8-098A17D9920B}.Release|iPhoneSimulator.Build.0 = Release|Any CPU
		{4E505AFD-C11F-43B8-98F1-5047EF38B1B1}.Debug|Any CPU.ActiveCfg = Debug|Any CPU
		{4E505AFD-C11F-43B8-98F1-5047EF38B1B1}.Debug|Any CPU.Build.0 = Debug|Any CPU
		{4E505AFD-C11F-43B8-98F1-5047EF38B1B1}.Debug|iPhone.ActiveCfg = Debug|Any CPU
		{4E505AFD-C11F-43B8-98F1-5047EF38B1B1}.Debug|iPhone.Build.0 = Debug|Any CPU
		{4E505AFD-C11F-43B8-98F1-5047EF38B1B1}.Debug|iPhoneSimulator.ActiveCfg = Debug|Any CPU
		{4E505AFD-C11F-43B8-98F1-5047EF38B1B1}.Debug|iPhoneSimulator.Build.0 = Debug|Any CPU
		{4E505AFD-C11F-43B8-98F1-5047EF38B1B1}.Release|Any CPU.ActiveCfg = Release|Any CPU
		{4E505AFD-C11F-43B8-98F1-5047EF38B1B1}.Release|Any CPU.Build.0 = Release|Any CPU
		{4E505AFD-C11F-43B8-98F1-5047EF38B1B1}.Release|iPhone.ActiveCfg = Release|Any CPU
		{4E505AFD-C11F-43B8-98F1-5047EF38B1B1}.Release|iPhone.Build.0 = Release|Any CPU
		{4E505AFD-C11F-43B8-98F1-5047EF38B1B1}.Release|iPhoneSimulator.ActiveCfg = Release|Any CPU
		{4E505AFD-C11F-43B8-98F1-5047EF38B1B1}.Release|iPhoneSimulator.Build.0 = Release|Any CPU
		{4BAAE7AD-6D9C-4CF8-8A49-BB220F6500CA}.Debug|Any CPU.ActiveCfg = Debug|Any CPU
		{4BAAE7AD-6D9C-4CF8-8A49-BB220F6500CA}.Debug|Any CPU.Build.0 = Debug|Any CPU
		{4BAAE7AD-6D9C-4CF8-8A49-BB220F6500CA}.Debug|iPhone.ActiveCfg = Debug|Any CPU
		{4BAAE7AD-6D9C-4CF8-8A49-BB220F6500CA}.Debug|iPhone.Build.0 = Debug|Any CPU
		{4BAAE7AD-6D9C-4CF8-8A49-BB220F6500CA}.Debug|iPhoneSimulator.ActiveCfg = Debug|Any CPU
		{4BAAE7AD-6D9C-4CF8-8A49-BB220F6500CA}.Debug|iPhoneSimulator.Build.0 = Debug|Any CPU
		{4BAAE7AD-6D9C-4CF8-8A49-BB220F6500CA}.Release|Any CPU.ActiveCfg = Release|Any CPU
		{4BAAE7AD-6D9C-4CF8-8A49-BB220F6500CA}.Release|Any CPU.Build.0 = Release|Any CPU
		{4BAAE7AD-6D9C-4CF8-8A49-BB220F6500CA}.Release|iPhone.ActiveCfg = Release|Any CPU
		{4BAAE7AD-6D9C-4CF8-8A49-BB220F6500CA}.Release|iPhone.Build.0 = Release|Any CPU
		{4BAAE7AD-6D9C-4CF8-8A49-BB220F6500CA}.Release|iPhoneSimulator.ActiveCfg = Release|Any CPU
		{4BAAE7AD-6D9C-4CF8-8A49-BB220F6500CA}.Release|iPhoneSimulator.Build.0 = Release|Any CPU
		{506AEE0B-921F-4C8C-A6F3-5731607F1335}.Debug|Any CPU.ActiveCfg = Debug|Any CPU
		{506AEE0B-921F-4C8C-A6F3-5731607F1335}.Debug|Any CPU.Build.0 = Debug|Any CPU
		{506AEE0B-921F-4C8C-A6F3-5731607F1335}.Debug|iPhone.ActiveCfg = Debug|Any CPU
		{506AEE0B-921F-4C8C-A6F3-5731607F1335}.Debug|iPhone.Build.0 = Debug|Any CPU
		{506AEE0B-921F-4C8C-A6F3-5731607F1335}.Debug|iPhoneSimulator.ActiveCfg = Debug|Any CPU
		{506AEE0B-921F-4C8C-A6F3-5731607F1335}.Debug|iPhoneSimulator.Build.0 = Debug|Any CPU
		{506AEE0B-921F-4C8C-A6F3-5731607F1335}.Release|Any CPU.ActiveCfg = Release|Any CPU
		{506AEE0B-921F-4C8C-A6F3-5731607F1335}.Release|Any CPU.Build.0 = Release|Any CPU
		{506AEE0B-921F-4C8C-A6F3-5731607F1335}.Release|iPhone.ActiveCfg = Release|Any CPU
		{506AEE0B-921F-4C8C-A6F3-5731607F1335}.Release|iPhone.Build.0 = Release|Any CPU
		{506AEE0B-921F-4C8C-A6F3-5731607F1335}.Release|iPhoneSimulator.ActiveCfg = Release|Any CPU
		{506AEE0B-921F-4C8C-A6F3-5731607F1335}.Release|iPhoneSimulator.Build.0 = Release|Any CPU
		{C1C9C30E-714A-4D14-8C6D-E6320F82DD0A}.Debug|Any CPU.ActiveCfg = Debug|Any CPU
		{C1C9C30E-714A-4D14-8C6D-E6320F82DD0A}.Debug|Any CPU.Build.0 = Debug|Any CPU
		{C1C9C30E-714A-4D14-8C6D-E6320F82DD0A}.Debug|iPhone.ActiveCfg = Debug|Any CPU
		{C1C9C30E-714A-4D14-8C6D-E6320F82DD0A}.Debug|iPhone.Build.0 = Debug|Any CPU
		{C1C9C30E-714A-4D14-8C6D-E6320F82DD0A}.Debug|iPhoneSimulator.ActiveCfg = Debug|Any CPU
		{C1C9C30E-714A-4D14-8C6D-E6320F82DD0A}.Debug|iPhoneSimulator.Build.0 = Debug|Any CPU
		{C1C9C30E-714A-4D14-8C6D-E6320F82DD0A}.Release|Any CPU.ActiveCfg = Release|Any CPU
		{C1C9C30E-714A-4D14-8C6D-E6320F82DD0A}.Release|Any CPU.Build.0 = Release|Any CPU
		{C1C9C30E-714A-4D14-8C6D-E6320F82DD0A}.Release|iPhone.ActiveCfg = Release|Any CPU
		{C1C9C30E-714A-4D14-8C6D-E6320F82DD0A}.Release|iPhone.Build.0 = Release|Any CPU
		{C1C9C30E-714A-4D14-8C6D-E6320F82DD0A}.Release|iPhoneSimulator.ActiveCfg = Release|Any CPU
		{C1C9C30E-714A-4D14-8C6D-E6320F82DD0A}.Release|iPhoneSimulator.Build.0 = Release|Any CPU
		{AF2303BE-9CF5-4DC5-9DA4-6F45AFF0690F}.Debug|Any CPU.ActiveCfg = Debug|Any CPU
		{AF2303BE-9CF5-4DC5-9DA4-6F45AFF0690F}.Debug|Any CPU.Build.0 = Debug|Any CPU
		{AF2303BE-9CF5-4DC5-9DA4-6F45AFF0690F}.Debug|iPhone.ActiveCfg = Debug|Any CPU
		{AF2303BE-9CF5-4DC5-9DA4-6F45AFF0690F}.Debug|iPhone.Build.0 = Debug|Any CPU
		{AF2303BE-9CF5-4DC5-9DA4-6F45AFF0690F}.Debug|iPhoneSimulator.ActiveCfg = Debug|Any CPU
		{AF2303BE-9CF5-4DC5-9DA4-6F45AFF0690F}.Debug|iPhoneSimulator.Build.0 = Debug|Any CPU
		{AF2303BE-9CF5-4DC5-9DA4-6F45AFF0690F}.Release|Any CPU.ActiveCfg = Release|Any CPU
		{AF2303BE-9CF5-4DC5-9DA4-6F45AFF0690F}.Release|Any CPU.Build.0 = Release|Any CPU
		{AF2303BE-9CF5-4DC5-9DA4-6F45AFF0690F}.Release|iPhone.ActiveCfg = Release|Any CPU
		{AF2303BE-9CF5-4DC5-9DA4-6F45AFF0690F}.Release|iPhone.Build.0 = Release|Any CPU
		{AF2303BE-9CF5-4DC5-9DA4-6F45AFF0690F}.Release|iPhoneSimulator.ActiveCfg = Release|Any CPU
		{AF2303BE-9CF5-4DC5-9DA4-6F45AFF0690F}.Release|iPhoneSimulator.Build.0 = Release|Any CPU
		{94D369F1-BE15-4ACE-BB63-742840858F40}.Debug|Any CPU.ActiveCfg = Debug|Any CPU
		{94D369F1-BE15-4ACE-BB63-742840858F40}.Debug|Any CPU.Build.0 = Debug|Any CPU
		{94D369F1-BE15-4ACE-BB63-742840858F40}.Debug|iPhone.ActiveCfg = Debug|Any CPU
		{94D369F1-BE15-4ACE-BB63-742840858F40}.Debug|iPhone.Build.0 = Debug|Any CPU
		{94D369F1-BE15-4ACE-BB63-742840858F40}.Debug|iPhoneSimulator.ActiveCfg = Debug|Any CPU
		{94D369F1-BE15-4ACE-BB63-742840858F40}.Debug|iPhoneSimulator.Build.0 = Debug|Any CPU
		{94D369F1-BE15-4ACE-BB63-742840858F40}.Release|Any CPU.ActiveCfg = Release|Any CPU
		{94D369F1-BE15-4ACE-BB63-742840858F40}.Release|Any CPU.Build.0 = Release|Any CPU
		{94D369F1-BE15-4ACE-BB63-742840858F40}.Release|iPhone.ActiveCfg = Release|Any CPU
		{94D369F1-BE15-4ACE-BB63-742840858F40}.Release|iPhone.Build.0 = Release|Any CPU
		{94D369F1-BE15-4ACE-BB63-742840858F40}.Release|iPhoneSimulator.ActiveCfg = Release|Any CPU
		{94D369F1-BE15-4ACE-BB63-742840858F40}.Release|iPhoneSimulator.Build.0 = Release|Any CPU
		{97A8ECF5-3603-42EF-AD7D-9F119CA2CE52}.Debug|Any CPU.ActiveCfg = Debug|Any CPU
		{97A8ECF5-3603-42EF-AD7D-9F119CA2CE52}.Debug|Any CPU.Build.0 = Debug|Any CPU
		{97A8ECF5-3603-42EF-AD7D-9F119CA2CE52}.Debug|iPhone.ActiveCfg = Debug|Any CPU
		{97A8ECF5-3603-42EF-AD7D-9F119CA2CE52}.Debug|iPhone.Build.0 = Debug|Any CPU
		{97A8ECF5-3603-42EF-AD7D-9F119CA2CE52}.Debug|iPhoneSimulator.ActiveCfg = Debug|Any CPU
		{97A8ECF5-3603-42EF-AD7D-9F119CA2CE52}.Debug|iPhoneSimulator.Build.0 = Debug|Any CPU
		{97A8ECF5-3603-42EF-AD7D-9F119CA2CE52}.Release|Any CPU.ActiveCfg = Release|Any CPU
		{97A8ECF5-3603-42EF-AD7D-9F119CA2CE52}.Release|Any CPU.Build.0 = Release|Any CPU
		{97A8ECF5-3603-42EF-AD7D-9F119CA2CE52}.Release|iPhone.ActiveCfg = Release|Any CPU
		{97A8ECF5-3603-42EF-AD7D-9F119CA2CE52}.Release|iPhone.Build.0 = Release|Any CPU
		{97A8ECF5-3603-42EF-AD7D-9F119CA2CE52}.Release|iPhoneSimulator.ActiveCfg = Release|Any CPU
		{97A8ECF5-3603-42EF-AD7D-9F119CA2CE52}.Release|iPhoneSimulator.Build.0 = Release|Any CPU
		{27DAAF16-9949-41B5-89C6-A09FCB0FDDBF}.Debug|Any CPU.ActiveCfg = Debug|Any CPU
		{27DAAF16-9949-41B5-89C6-A09FCB0FDDBF}.Debug|Any CPU.Build.0 = Debug|Any CPU
		{27DAAF16-9949-41B5-89C6-A09FCB0FDDBF}.Debug|iPhone.ActiveCfg = Debug|Any CPU
		{27DAAF16-9949-41B5-89C6-A09FCB0FDDBF}.Debug|iPhone.Build.0 = Debug|Any CPU
		{27DAAF16-9949-41B5-89C6-A09FCB0FDDBF}.Debug|iPhoneSimulator.ActiveCfg = Debug|Any CPU
		{27DAAF16-9949-41B5-89C6-A09FCB0FDDBF}.Debug|iPhoneSimulator.Build.0 = Debug|Any CPU
		{27DAAF16-9949-41B5-89C6-A09FCB0FDDBF}.Release|Any CPU.ActiveCfg = Release|Any CPU
		{27DAAF16-9949-41B5-89C6-A09FCB0FDDBF}.Release|Any CPU.Build.0 = Release|Any CPU
		{27DAAF16-9949-41B5-89C6-A09FCB0FDDBF}.Release|iPhone.ActiveCfg = Release|Any CPU
		{27DAAF16-9949-41B5-89C6-A09FCB0FDDBF}.Release|iPhone.Build.0 = Release|Any CPU
		{27DAAF16-9949-41B5-89C6-A09FCB0FDDBF}.Release|iPhoneSimulator.ActiveCfg = Release|Any CPU
		{27DAAF16-9949-41B5-89C6-A09FCB0FDDBF}.Release|iPhoneSimulator.Build.0 = Release|Any CPU
		{DEF3A2F1-58FE-4F3F-A0FF-D529AB0EA852}.Debug|Any CPU.ActiveCfg = Debug|Any CPU
		{DEF3A2F1-58FE-4F3F-A0FF-D529AB0EA852}.Debug|Any CPU.Build.0 = Debug|Any CPU
		{DEF3A2F1-58FE-4F3F-A0FF-D529AB0EA852}.Debug|iPhone.ActiveCfg = Debug|Any CPU
		{DEF3A2F1-58FE-4F3F-A0FF-D529AB0EA852}.Debug|iPhone.Build.0 = Debug|Any CPU
		{DEF3A2F1-58FE-4F3F-A0FF-D529AB0EA852}.Debug|iPhoneSimulator.ActiveCfg = Debug|Any CPU
		{DEF3A2F1-58FE-4F3F-A0FF-D529AB0EA852}.Debug|iPhoneSimulator.Build.0 = Debug|Any CPU
		{DEF3A2F1-58FE-4F3F-A0FF-D529AB0EA852}.Release|Any CPU.ActiveCfg = Release|Any CPU
		{DEF3A2F1-58FE-4F3F-A0FF-D529AB0EA852}.Release|Any CPU.Build.0 = Release|Any CPU
		{DEF3A2F1-58FE-4F3F-A0FF-D529AB0EA852}.Release|iPhone.ActiveCfg = Release|Any CPU
		{DEF3A2F1-58FE-4F3F-A0FF-D529AB0EA852}.Release|iPhone.Build.0 = Release|Any CPU
		{DEF3A2F1-58FE-4F3F-A0FF-D529AB0EA852}.Release|iPhoneSimulator.ActiveCfg = Release|Any CPU
		{DEF3A2F1-58FE-4F3F-A0FF-D529AB0EA852}.Release|iPhoneSimulator.Build.0 = Release|Any CPU
		{1307B4B0-042A-42E5-A2E3-12D92F739927}.Debug|Any CPU.ActiveCfg = Debug|Any CPU
		{1307B4B0-042A-42E5-A2E3-12D92F739927}.Debug|Any CPU.Build.0 = Debug|Any CPU
		{1307B4B0-042A-42E5-A2E3-12D92F739927}.Debug|iPhone.ActiveCfg = Debug|Any CPU
		{1307B4B0-042A-42E5-A2E3-12D92F739927}.Debug|iPhone.Build.0 = Debug|Any CPU
		{1307B4B0-042A-42E5-A2E3-12D92F739927}.Debug|iPhoneSimulator.ActiveCfg = Debug|Any CPU
		{1307B4B0-042A-42E5-A2E3-12D92F739927}.Debug|iPhoneSimulator.Build.0 = Debug|Any CPU
		{1307B4B0-042A-42E5-A2E3-12D92F739927}.Release|Any CPU.ActiveCfg = Release|Any CPU
		{1307B4B0-042A-42E5-A2E3-12D92F739927}.Release|Any CPU.Build.0 = Release|Any CPU
		{1307B4B0-042A-42E5-A2E3-12D92F739927}.Release|iPhone.ActiveCfg = Release|Any CPU
		{1307B4B0-042A-42E5-A2E3-12D92F739927}.Release|iPhone.Build.0 = Release|Any CPU
		{1307B4B0-042A-42E5-A2E3-12D92F739927}.Release|iPhoneSimulator.ActiveCfg = Release|Any CPU
		{1307B4B0-042A-42E5-A2E3-12D92F739927}.Release|iPhoneSimulator.Build.0 = Release|Any CPU
		{E4D24B18-ADEB-4877-A72B-D3A932278362}.Debug|Any CPU.ActiveCfg = Debug|Any CPU
		{E4D24B18-ADEB-4877-A72B-D3A932278362}.Debug|Any CPU.Build.0 = Debug|Any CPU
		{E4D24B18-ADEB-4877-A72B-D3A932278362}.Debug|iPhone.ActiveCfg = Debug|Any CPU
		{E4D24B18-ADEB-4877-A72B-D3A932278362}.Debug|iPhone.Build.0 = Debug|Any CPU
		{E4D24B18-ADEB-4877-A72B-D3A932278362}.Debug|iPhoneSimulator.ActiveCfg = Debug|Any CPU
		{E4D24B18-ADEB-4877-A72B-D3A932278362}.Debug|iPhoneSimulator.Build.0 = Debug|Any CPU
		{E4D24B18-ADEB-4877-A72B-D3A932278362}.Release|Any CPU.ActiveCfg = Release|Any CPU
		{E4D24B18-ADEB-4877-A72B-D3A932278362}.Release|Any CPU.Build.0 = Release|Any CPU
		{E4D24B18-ADEB-4877-A72B-D3A932278362}.Release|iPhone.ActiveCfg = Release|Any CPU
		{E4D24B18-ADEB-4877-A72B-D3A932278362}.Release|iPhone.Build.0 = Release|Any CPU
		{E4D24B18-ADEB-4877-A72B-D3A932278362}.Release|iPhoneSimulator.ActiveCfg = Release|Any CPU
		{E4D24B18-ADEB-4877-A72B-D3A932278362}.Release|iPhoneSimulator.Build.0 = Release|Any CPU
		{FD7AB48D-3AEA-4755-ADD6-CBBB540D8334}.Debug|Any CPU.ActiveCfg = Debug|Any CPU
		{FD7AB48D-3AEA-4755-ADD6-CBBB540D8334}.Debug|Any CPU.Build.0 = Debug|Any CPU
		{FD7AB48D-3AEA-4755-ADD6-CBBB540D8334}.Debug|iPhone.ActiveCfg = Debug|Any CPU
		{FD7AB48D-3AEA-4755-ADD6-CBBB540D8334}.Debug|iPhone.Build.0 = Debug|Any CPU
		{FD7AB48D-3AEA-4755-ADD6-CBBB540D8334}.Debug|iPhoneSimulator.ActiveCfg = Debug|Any CPU
		{FD7AB48D-3AEA-4755-ADD6-CBBB540D8334}.Debug|iPhoneSimulator.Build.0 = Debug|Any CPU
		{FD7AB48D-3AEA-4755-ADD6-CBBB540D8334}.Release|Any CPU.ActiveCfg = Release|Any CPU
		{FD7AB48D-3AEA-4755-ADD6-CBBB540D8334}.Release|Any CPU.Build.0 = Release|Any CPU
		{FD7AB48D-3AEA-4755-ADD6-CBBB540D8334}.Release|iPhone.ActiveCfg = Release|Any CPU
		{FD7AB48D-3AEA-4755-ADD6-CBBB540D8334}.Release|iPhone.Build.0 = Release|Any CPU
		{FD7AB48D-3AEA-4755-ADD6-CBBB540D8334}.Release|iPhoneSimulator.ActiveCfg = Release|Any CPU
		{FD7AB48D-3AEA-4755-ADD6-CBBB540D8334}.Release|iPhoneSimulator.Build.0 = Release|Any CPU
	EndGlobalSection
	GlobalSection(SolutionProperties) = preSolution
		HideSolutionNode = FALSE
	EndGlobalSection
	GlobalSection(NestedProjects) = preSolution
		{224325BB-6E72-43D9-83A9-9C6597431CA0} = {02979C4F-30FD-4355-ADBC-815BE5A98D9E}
		{D299937C-C809-495B-A3CA-F35310233116} = {02979C4F-30FD-4355-ADBC-815BE5A98D9E}
		{1A05759C-CD91-4448-9D57-FA8F51930950} = {02979C4F-30FD-4355-ADBC-815BE5A98D9E}
		{7933FB76-15CC-4709-9ECD-5BAD5808EF79} = {127BB7AD-B940-4B0E-9482-25AD7FF7119D}
		{52E4E83F-40EA-41DC-9B96-869BCB49F7A4} = {E0060AE8-3BDE-4909-BFF4-8B0556B632B0}
		{D82FD519-D644-4283-A53D-E6EFDE3F6F24} = {F8AD8F8D-9626-4049-8665-8E426713A17E}
		{DBFB15AD-45E8-40D0-B5B8-098A17D9920B} = {E0060AE8-3BDE-4909-BFF4-8B0556B632B0}
		{4E505AFD-C11F-43B8-98F1-5047EF38B1B1} = {4C97696E-814E-4849-9598-A7DC3074CA76}
		{4BAAE7AD-6D9C-4CF8-8A49-BB220F6500CA} = {E0060AE8-3BDE-4909-BFF4-8B0556B632B0}
		{506AEE0B-921F-4C8C-A6F3-5731607F1335} = {E0060AE8-3BDE-4909-BFF4-8B0556B632B0}
		{C1C9C30E-714A-4D14-8C6D-E6320F82DD0A} = {4C97696E-814E-4849-9598-A7DC3074CA76}
		{AF2303BE-9CF5-4DC5-9DA4-6F45AFF0690F} = {388D5030-C849-4E07-B76F-618E457B397F}
		{94D369F1-BE15-4ACE-BB63-742840858F40} = {E0060AE8-3BDE-4909-BFF4-8B0556B632B0}
		{97A8ECF5-3603-42EF-AD7D-9F119CA2CE52} = {02979C4F-30FD-4355-ADBC-815BE5A98D9E}
		{27DAAF16-9949-41B5-89C6-A09FCB0FDDBF} = {E0060AE8-3BDE-4909-BFF4-8B0556B632B0}
		{3976D244-96EB-4B4B-AB6A-3ECEEF6C7A73} = {49D8D999-C886-4AB0-B9F2-C127C15F1F73}
		{DEF3A2F1-58FE-4F3F-A0FF-D529AB0EA852} = {3976D244-96EB-4B4B-AB6A-3ECEEF6C7A73}
		{1307B4B0-042A-42E5-A2E3-12D92F739927} = {4C97696E-814E-4849-9598-A7DC3074CA76}
		{E4D24B18-ADEB-4877-A72B-D3A932278362} = {E0060AE8-3BDE-4909-BFF4-8B0556B632B0}
		{FD7AB48D-3AEA-4755-ADD6-CBBB540D8334} = {02979C4F-30FD-4355-ADBC-815BE5A98D9E}
	EndGlobalSection
	GlobalSection(ExtensibilityGlobals) = postSolution
		SolutionGuid = {59BE44AC-B851-45A5-937E-F65AE86667CD}
	EndGlobalSection
EndGlobal
