
Microsoft Visual Studio Solution File, Format Version 12.00
# Visual Studio Version 17
VisualStudioVersion = 17.6.33801.468
MinimumVisualStudioVersion = 10.0.40219.1
Project("{2150E333-8FDC-42A3-9474-1A3956D46DE8}") = "Business", "Business", "{B4533242-4DDD-4149-BAA1-395E7EF53176}"
EndProject
Project("{9A19103F-16F7-4668-BE54-9A1E7A4F7556}") = "Enrollment.Domain", "Enrollment.Domain\Enrollment.Domain.csproj", "{DCFE480D-5880-4B9C-B24A-156E227D4F78}"
EndProject
Project("{2150E333-8FDC-42A3-9474-1A3956D46DE8}") = "Common", "Common", "{394F9534-D3D2-4B9A-9436-2CFE6300932E}"
EndProject
Project("{9A19103F-16F7-4668-BE54-9A1E7A4F7556}") = "Enrollment.AutoMapperProfiles", "Enrollment.AutoMapperProfiles\Enrollment.AutoMapperProfiles.csproj", "{8BCE685A-7779-4A62-AE4A-496578880AE7}"
EndProject
Project("{9A19103F-16F7-4668-BE54-9A1E7A4F7556}") = "Enrollment.Common.Configuration", "Enrollment.Common.Configuration\Enrollment.Common.Configuration.csproj", "{12F8A195-3FA1-4925-8879-4BBF6FAC1D5C}"
EndProject
Project("{9A19103F-16F7-4668-BE54-9A1E7A4F7556}") = "Enrollment.Common.Utils", "Enrollment.Common.Utils\Enrollment.Common.Utils.csproj", "{AB11DE92-A9A0-470F-93B9-992CF934199A}"
EndProject
Project("{9A19103F-16F7-4668-BE54-9A1E7A4F7556}") = "Enrollment.Forms.Parameters", "Enrollment.Forms.Parameters\Enrollment.Forms.Parameters.csproj", "{959F5D6D-2B18-4D51-B0EB-54944988A0A7}"
EndProject
Project("{9A19103F-16F7-4668-BE54-9A1E7A4F7556}") = "Enrollment.Forms.View", "Enrollment.Forms.View\Enrollment.Forms.View.csproj", "{AA86562E-3B3A-4DF7-A976-F276E560C9AE}"
EndProject
Project("{9A19103F-16F7-4668-BE54-9A1E7A4F7556}") = "Enrollment.Parameters", "Enrollment.Parameters\Enrollment.Parameters.csproj", "{D969AC1C-43AF-4464-80E2-6A98F85ABD18}"
EndProject
Project("{9A19103F-16F7-4668-BE54-9A1E7A4F7556}") = "Enrollment.Utils", "Enrollment.Utils\Enrollment.Utils.csproj", "{F32BBE87-07EC-4296-A0BA-64A054B74938}"
EndProject
Project("{2150E333-8FDC-42A3-9474-1A3956D46DE8}") = "SPA", "SPA", "{AE0AC18B-46C5-4541-9CC3-5CBC245FD453}"
EndProject
Project("{9A19103F-16F7-4668-BE54-9A1E7A4F7556}") = "Enrollment.Spa.Api", "Enrollment.Spa.Api\Enrollment.Spa.Api.csproj", "{D47B1166-20F3-4C12-89BB-0E59CF63A0EB}"
EndProject
Project("{9A19103F-16F7-4668-BE54-9A1E7A4F7556}") = "Enrollment.Spa.AutoMapperProfiles", "Enrollment.Spa.AutoMapperProfiles\Enrollment.Spa.AutoMapperProfiles.csproj", "{F49A00AD-712B-4B4B-A70F-534E00C27C0B}"
EndProject
Project("{9A19103F-16F7-4668-BE54-9A1E7A4F7556}") = "Enrollment.Spa.Flow", "Enrollment.Spa.Flow\Enrollment.Spa.Flow.csproj", "{1B236D60-7B87-44ED-9362-24CABF433C2A}"
EndProject
Project("{2150E333-8FDC-42A3-9474-1A3956D46DE8}") = "Tests", "Tests", "{F4EFB3DC-691B-4660-A61B-4F4287EB48F2}"
EndProject
Project("{9A19103F-16F7-4668-BE54-9A1E7A4F7556}") = "MapperTests", "MapperTests\MapperTests.csproj", "{9C8AAA68-E471-4443-B885-BE13A9453CA3}"
EndProject
Global
	GlobalSection(SolutionConfigurationPlatforms) = preSolution
		Debug|Any CPU = Debug|Any CPU
		Release|Any CPU = Release|Any CPU
	EndGlobalSection
	GlobalSection(ProjectConfigurationPlatforms) = postSolution
		{DCFE480D-5880-4B9C-B24A-156E227D4F78}.Debug|Any CPU.ActiveCfg = Debug|Any CPU
		{DCFE480D-5880-4B9C-B24A-156E227D4F78}.Debug|Any CPU.Build.0 = Debug|Any CPU
		{DCFE480D-5880-4B9C-B24A-156E227D4F78}.Release|Any CPU.ActiveCfg = Release|Any CPU
		{DCFE480D-5880-4B9C-B24A-156E227D4F78}.Release|Any CPU.Build.0 = Release|Any CPU
		{8BCE685A-7779-4A62-AE4A-496578880AE7}.Debug|Any CPU.ActiveCfg = Debug|Any CPU
		{8BCE685A-7779-4A62-AE4A-496578880AE7}.Debug|Any CPU.Build.0 = Debug|Any CPU
		{8BCE685A-7779-4A62-AE4A-496578880AE7}.Release|Any CPU.ActiveCfg = Release|Any CPU
		{8BCE685A-7779-4A62-AE4A-496578880AE7}.Release|Any CPU.Build.0 = Release|Any CPU
		{12F8A195-3FA1-4925-8879-4BBF6FAC1D5C}.Debug|Any CPU.ActiveCfg = Debug|Any CPU
		{12F8A195-3FA1-4925-8879-4BBF6FAC1D5C}.Debug|Any CPU.Build.0 = Debug|Any CPU
		{12F8A195-3FA1-4925-8879-4BBF6FAC1D5C}.Release|Any CPU.ActiveCfg = Release|Any CPU
		{12F8A195-3FA1-4925-8879-4BBF6FAC1D5C}.Release|Any CPU.Build.0 = Release|Any CPU
		{AB11DE92-A9A0-470F-93B9-992CF934199A}.Debug|Any CPU.ActiveCfg = Debug|Any CPU
		{AB11DE92-A9A0-470F-93B9-992CF934199A}.Debug|Any CPU.Build.0 = Debug|Any CPU
		{AB11DE92-A9A0-470F-93B9-992CF934199A}.Release|Any CPU.ActiveCfg = Release|Any CPU
		{AB11DE92-A9A0-470F-93B9-992CF934199A}.Release|Any CPU.Build.0 = Release|Any CPU
		{959F5D6D-2B18-4D51-B0EB-54944988A0A7}.Debug|Any CPU.ActiveCfg = Debug|Any CPU
		{959F5D6D-2B18-4D51-B0EB-54944988A0A7}.Debug|Any CPU.Build.0 = Debug|Any CPU
		{959F5D6D-2B18-4D51-B0EB-54944988A0A7}.Release|Any CPU.ActiveCfg = Release|Any CPU
		{959F5D6D-2B18-4D51-B0EB-54944988A0A7}.Release|Any CPU.Build.0 = Release|Any CPU
		{AA86562E-3B3A-4DF7-A976-F276E560C9AE}.Debug|Any CPU.ActiveCfg = Debug|Any CPU
		{AA86562E-3B3A-4DF7-A976-F276E560C9AE}.Debug|Any CPU.Build.0 = Debug|Any CPU
		{AA86562E-3B3A-4DF7-A976-F276E560C9AE}.Release|Any CPU.ActiveCfg = Release|Any CPU
		{AA86562E-3B3A-4DF7-A976-F276E560C9AE}.Release|Any CPU.Build.0 = Release|Any CPU
		{D969AC1C-43AF-4464-80E2-6A98F85ABD18}.Debug|Any CPU.ActiveCfg = Debug|Any CPU
		{D969AC1C-43AF-4464-80E2-6A98F85ABD18}.Debug|Any CPU.Build.0 = Debug|Any CPU
		{D969AC1C-43AF-4464-80E2-6A98F85ABD18}.Release|Any CPU.ActiveCfg = Release|Any CPU
		{D969AC1C-43AF-4464-80E2-6A98F85ABD18}.Release|Any CPU.Build.0 = Release|Any CPU
		{F32BBE87-07EC-4296-A0BA-64A054B74938}.Debug|Any CPU.ActiveCfg = Debug|Any CPU
		{F32BBE87-07EC-4296-A0BA-64A054B74938}.Debug|Any CPU.Build.0 = Debug|Any CPU
		{F32BBE87-07EC-4296-A0BA-64A054B74938}.Release|Any CPU.ActiveCfg = Release|Any CPU
		{F32BBE87-07EC-4296-A0BA-64A054B74938}.Release|Any CPU.Build.0 = Release|Any CPU
		{D47B1166-20F3-4C12-89BB-0E59CF63A0EB}.Debug|Any CPU.ActiveCfg = Debug|Any CPU
		{D47B1166-20F3-4C12-89BB-0E59CF63A0EB}.Debug|Any CPU.Build.0 = Debug|Any CPU
		{D47B1166-20F3-4C12-89BB-0E59CF63A0EB}.Release|Any CPU.ActiveCfg = Release|Any CPU
		{D47B1166-20F3-4C12-89BB-0E59CF63A0EB}.Release|Any CPU.Build.0 = Release|Any CPU
		{F49A00AD-712B-4B4B-A70F-534E00C27C0B}.Debug|Any CPU.ActiveCfg = Debug|Any CPU
		{F49A00AD-712B-4B4B-A70F-534E00C27C0B}.Debug|Any CPU.Build.0 = Debug|Any CPU
		{F49A00AD-712B-4B4B-A70F-534E00C27C0B}.Release|Any CPU.ActiveCfg = Release|Any CPU
		{F49A00AD-712B-4B4B-A70F-534E00C27C0B}.Release|Any CPU.Build.0 = Release|Any CPU
		{1B236D60-7B87-44ED-9362-24CABF433C2A}.Debug|Any CPU.ActiveCfg = Debug|Any CPU
		{1B236D60-7B87-44ED-9362-24CABF433C2A}.Debug|Any CPU.Build.0 = Debug|Any CPU
		{1B236D60-7B87-44ED-9362-24CABF433C2A}.Release|Any CPU.ActiveCfg = Release|Any CPU
		{1B236D60-7B87-44ED-9362-24CABF433C2A}.Release|Any CPU.Build.0 = Release|Any CPU
		{9C8AAA68-E471-4443-B885-BE13A9453CA3}.Debug|Any CPU.ActiveCfg = Debug|Any CPU
		{9C8AAA68-E471-4443-B885-BE13A9453CA3}.Debug|Any CPU.Build.0 = Debug|Any CPU
		{9C8AAA68-E471-4443-B885-BE13A9453CA3}.Release|Any CPU.ActiveCfg = Release|Any CPU
		{9C8AAA68-E471-4443-B885-BE13A9453CA3}.Release|Any CPU.Build.0 = Release|Any CPU
	EndGlobalSection
	GlobalSection(SolutionProperties) = preSolution
		HideSolutionNode = FALSE
	EndGlobalSection
	GlobalSection(NestedProjects) = preSolution
		{DCFE480D-5880-4B9C-B24A-156E227D4F78} = {B4533242-4DDD-4149-BAA1-395E7EF53176}
		{8BCE685A-7779-4A62-AE4A-496578880AE7} = {394F9534-D3D2-4B9A-9436-2CFE6300932E}
		{12F8A195-3FA1-4925-8879-4BBF6FAC1D5C} = {394F9534-D3D2-4B9A-9436-2CFE6300932E}
		{AB11DE92-A9A0-470F-93B9-992CF934199A} = {394F9534-D3D2-4B9A-9436-2CFE6300932E}
		{959F5D6D-2B18-4D51-B0EB-54944988A0A7} = {394F9534-D3D2-4B9A-9436-2CFE6300932E}
		{AA86562E-3B3A-4DF7-A976-F276E560C9AE} = {394F9534-D3D2-4B9A-9436-2CFE6300932E}
		{D969AC1C-43AF-4464-80E2-6A98F85ABD18} = {394F9534-D3D2-4B9A-9436-2CFE6300932E}
		{F32BBE87-07EC-4296-A0BA-64A054B74938} = {394F9534-D3D2-4B9A-9436-2CFE6300932E}
		{D47B1166-20F3-4C12-89BB-0E59CF63A0EB} = {AE0AC18B-46C5-4541-9CC3-5CBC245FD453}
		{F49A00AD-712B-4B4B-A70F-534E00C27C0B} = {AE0AC18B-46C5-4541-9CC3-5CBC245FD453}
		{1B236D60-7B87-44ED-9362-24CABF433C2A} = {AE0AC18B-46C5-4541-9CC3-5CBC245FD453}
		{9C8AAA68-E471-4443-B885-BE13A9453CA3} = {F4EFB3DC-691B-4660-A61B-4F4287EB48F2}
	EndGlobalSection
	GlobalSection(ExtensibilityGlobals) = postSolution
		SolutionGuid = {7C02FB78-44BE-45B6-8053-3E2CF046FB06}
	EndGlobalSection
EndGlobal
