
Microsoft Visual Studio Solution File, Format Version 12.00
# Visual Studio Version 17
VisualStudioVersion = 17.6.33801.468
MinimumVisualStudioVersion = 10.0.40219.1
Project("{2150E333-8FDC-42A3-9474-1A3956D46DE8}") = "Common", "Common", "{22B93579-BFE9-42BC-9F0F-E24A6EB997D4}"
EndProject
Project("{2150E333-8FDC-42A3-9474-1A3956D46DE8}") = "Tests", "Tests", "{6AAAB153-4C6A-4145-8903-3A6D98DA531E}"
EndProject
Project("{2150E333-8FDC-42A3-9474-1A3956D46DE8}") = "SPA", "SPA", "{FD88AFCF-EB8F-4547-9E64-2C4C043C011F}"
EndProject
Project("{9A19103F-16F7-4668-BE54-9A1E7A4F7556}") = "Contoso.Utils", "Contoso.Utils\Contoso.Utils.csproj", "{FEA8C51B-2E84-4DE7-8E46-AE1E09C1B31A}"
EndProject
Project("{9A19103F-16F7-4668-BE54-9A1E7A4F7556}") = "Contoso.Common.Configuration", "Contoso.Common.Configuration\Contoso.Common.Configuration.csproj", "{AE65593D-121F-450A-B5E8-B666BF4CAB16}"
EndProject
Project("{9A19103F-16F7-4668-BE54-9A1E7A4F7556}") = "Contoso.Parameters", "Contoso.Parameters\Contoso.Parameters.csproj", "{38905AEF-EBF3-4557-8B2A-1DD074517DD5}"
EndProject
Project("{9A19103F-16F7-4668-BE54-9A1E7A4F7556}") = "Contoso.Common.Utils", "Contoso.Common.Utils\Contoso.Common.Utils.csproj", "{335D339B-C138-4BED-9204-17F8FD0D095A}"
EndProject
Project("{9A19103F-16F7-4668-BE54-9A1E7A4F7556}") = "Contoso.AutoMapperProfiles", "Contoso.AutoMapperProfiles\Contoso.AutoMapperProfiles.csproj", "{912DC50B-D255-4627-A81E-05DFC547ED65}"
EndProject
Project("{9A19103F-16F7-4668-BE54-9A1E7A4F7556}") = "Contoso.Forms.View", "Contoso.Forms.View\Contoso.Forms.View.csproj", "{5560E44B-61BD-41BF-AEE5-F343F5F90D74}"
EndProject
Project("{9A19103F-16F7-4668-BE54-9A1E7A4F7556}") = "Contoso.Forms.Parameters", "Contoso.Forms.Parameters\Contoso.Forms.Parameters.csproj", "{3BC196F0-2A9F-450B-AE13-2A24CFD2A683}"
EndProject
Project("{2150E333-8FDC-42A3-9474-1A3956D46DE8}") = "Business", "Business", "{A24E7149-4955-4D3A-8DD4-BBD2D3C3728C}"
EndProject
Project("{9A19103F-16F7-4668-BE54-9A1E7A4F7556}") = "Contoso.Domain", "Contoso.Domain\Contoso.Domain.csproj", "{F06EFED1-590C-4436-BF39-E1844FF2429B}"
EndProject
Project("{9A19103F-16F7-4668-BE54-9A1E7A4F7556}") = "Contoso.Spa.Flow", "Contoso.Spa.Flow\Contoso.Spa.Flow.csproj", "{3748B3D2-3634-4D9C-A545-973167933334}"
EndProject
Project("{FAE04EC0-301F-11D3-BF4B-00C04F79EFBC}") = "Contoso.Spa.Api", "Contoso.Spa.Api\Contoso.Spa.Api.csproj", "{7290DBE9-BE12-44D4-B2C1-DB3704AE98BE}"
EndProject
Project("{FAE04EC0-301F-11D3-BF4B-00C04F79EFBC}") = "Contoso.Spa.AutoMapperProfiles", "Contoso.Spa.AutoMapperProfiles\Contoso.Spa.AutoMapperProfiles.csproj", "{68B77B69-79C6-4DE4-AAAC-2A3692F28FDB}"
EndProject
Project("{FAE04EC0-301F-11D3-BF4B-00C04F79EFBC}") = "MapperTests", "MapperTests\MapperTests.csproj", "{F1AAC57C-9131-4762-A218-15036307090C}"
EndProject
Global
	GlobalSection(SolutionConfigurationPlatforms) = preSolution
		Debug|Any CPU = Debug|Any CPU
		Release|Any CPU = Release|Any CPU
	EndGlobalSection
	GlobalSection(ProjectConfigurationPlatforms) = postSolution
		{FEA8C51B-2E84-4DE7-8E46-AE1E09C1B31A}.Debug|Any CPU.ActiveCfg = Debug|Any CPU
		{FEA8C51B-2E84-4DE7-8E46-AE1E09C1B31A}.Debug|Any CPU.Build.0 = Debug|Any CPU
		{FEA8C51B-2E84-4DE7-8E46-AE1E09C1B31A}.Release|Any CPU.ActiveCfg = Release|Any CPU
		{FEA8C51B-2E84-4DE7-8E46-AE1E09C1B31A}.Release|Any CPU.Build.0 = Release|Any CPU
		{AE65593D-121F-450A-B5E8-B666BF4CAB16}.Debug|Any CPU.ActiveCfg = Debug|Any CPU
		{AE65593D-121F-450A-B5E8-B666BF4CAB16}.Debug|Any CPU.Build.0 = Debug|Any CPU
		{AE65593D-121F-450A-B5E8-B666BF4CAB16}.Release|Any CPU.ActiveCfg = Release|Any CPU
		{AE65593D-121F-450A-B5E8-B666BF4CAB16}.Release|Any CPU.Build.0 = Release|Any CPU
		{38905AEF-EBF3-4557-8B2A-1DD074517DD5}.Debug|Any CPU.ActiveCfg = Debug|Any CPU
		{38905AEF-EBF3-4557-8B2A-1DD074517DD5}.Debug|Any CPU.Build.0 = Debug|Any CPU
		{38905AEF-EBF3-4557-8B2A-1DD074517DD5}.Release|Any CPU.ActiveCfg = Release|Any CPU
		{38905AEF-EBF3-4557-8B2A-1DD074517DD5}.Release|Any CPU.Build.0 = Release|Any CPU
		{335D339B-C138-4BED-9204-17F8FD0D095A}.Debug|Any CPU.ActiveCfg = Debug|Any CPU
		{335D339B-C138-4BED-9204-17F8FD0D095A}.Debug|Any CPU.Build.0 = Debug|Any CPU
		{335D339B-C138-4BED-9204-17F8FD0D095A}.Release|Any CPU.ActiveCfg = Release|Any CPU
		{335D339B-C138-4BED-9204-17F8FD0D095A}.Release|Any CPU.Build.0 = Release|Any CPU
		{912DC50B-D255-4627-A81E-05DFC547ED65}.Debug|Any CPU.ActiveCfg = Debug|Any CPU
		{912DC50B-D255-4627-A81E-05DFC547ED65}.Debug|Any CPU.Build.0 = Debug|Any CPU
		{912DC50B-D255-4627-A81E-05DFC547ED65}.Release|Any CPU.ActiveCfg = Release|Any CPU
		{912DC50B-D255-4627-A81E-05DFC547ED65}.Release|Any CPU.Build.0 = Release|Any CPU
		{5560E44B-61BD-41BF-AEE5-F343F5F90D74}.Debug|Any CPU.ActiveCfg = Debug|Any CPU
		{5560E44B-61BD-41BF-AEE5-F343F5F90D74}.Debug|Any CPU.Build.0 = Debug|Any CPU
		{5560E44B-61BD-41BF-AEE5-F343F5F90D74}.Release|Any CPU.ActiveCfg = Release|Any CPU
		{5560E44B-61BD-41BF-AEE5-F343F5F90D74}.Release|Any CPU.Build.0 = Release|Any CPU
		{3BC196F0-2A9F-450B-AE13-2A24CFD2A683}.Debug|Any CPU.ActiveCfg = Debug|Any CPU
		{3BC196F0-2A9F-450B-AE13-2A24CFD2A683}.Debug|Any CPU.Build.0 = Debug|Any CPU
		{3BC196F0-2A9F-450B-AE13-2A24CFD2A683}.Release|Any CPU.ActiveCfg = Release|Any CPU
		{3BC196F0-2A9F-450B-AE13-2A24CFD2A683}.Release|Any CPU.Build.0 = Release|Any CPU
		{F06EFED1-590C-4436-BF39-E1844FF2429B}.Debug|Any CPU.ActiveCfg = Debug|Any CPU
		{F06EFED1-590C-4436-BF39-E1844FF2429B}.Debug|Any CPU.Build.0 = Debug|Any CPU
		{F06EFED1-590C-4436-BF39-E1844FF2429B}.Release|Any CPU.ActiveCfg = Release|Any CPU
		{F06EFED1-590C-4436-BF39-E1844FF2429B}.Release|Any CPU.Build.0 = Release|Any CPU
		{3748B3D2-3634-4D9C-A545-973167933334}.Debug|Any CPU.ActiveCfg = Debug|Any CPU
		{3748B3D2-3634-4D9C-A545-973167933334}.Debug|Any CPU.Build.0 = Debug|Any CPU
		{3748B3D2-3634-4D9C-A545-973167933334}.Release|Any CPU.ActiveCfg = Release|Any CPU
		{3748B3D2-3634-4D9C-A545-973167933334}.Release|Any CPU.Build.0 = Release|Any CPU
		{7290DBE9-BE12-44D4-B2C1-DB3704AE98BE}.Debug|Any CPU.ActiveCfg = Debug|Any CPU
		{7290DBE9-BE12-44D4-B2C1-DB3704AE98BE}.Debug|Any CPU.Build.0 = Debug|Any CPU
		{7290DBE9-BE12-44D4-B2C1-DB3704AE98BE}.Release|Any CPU.ActiveCfg = Release|Any CPU
		{7290DBE9-BE12-44D4-B2C1-DB3704AE98BE}.Release|Any CPU.Build.0 = Release|Any CPU
		{68B77B69-79C6-4DE4-AAAC-2A3692F28FDB}.Debug|Any CPU.ActiveCfg = Debug|Any CPU
		{68B77B69-79C6-4DE4-AAAC-2A3692F28FDB}.Debug|Any CPU.Build.0 = Debug|Any CPU
		{68B77B69-79C6-4DE4-AAAC-2A3692F28FDB}.Release|Any CPU.ActiveCfg = Release|Any CPU
		{68B77B69-79C6-4DE4-AAAC-2A3692F28FDB}.Release|Any CPU.Build.0 = Release|Any CPU
		{F1AAC57C-9131-4762-A218-15036307090C}.Debug|Any CPU.ActiveCfg = Debug|Any CPU
		{F1AAC57C-9131-4762-A218-15036307090C}.Debug|Any CPU.Build.0 = Debug|Any CPU
		{F1AAC57C-9131-4762-A218-15036307090C}.Release|Any CPU.ActiveCfg = Release|Any CPU
		{F1AAC57C-9131-4762-A218-15036307090C}.Release|Any CPU.Build.0 = Release|Any CPU
	EndGlobalSection
	GlobalSection(SolutionProperties) = preSolution
		HideSolutionNode = FALSE
	EndGlobalSection
	GlobalSection(NestedProjects) = preSolution
		{FEA8C51B-2E84-4DE7-8E46-AE1E09C1B31A} = {22B93579-BFE9-42BC-9F0F-E24A6EB997D4}
		{AE65593D-121F-450A-B5E8-B666BF4CAB16} = {22B93579-BFE9-42BC-9F0F-E24A6EB997D4}
		{38905AEF-EBF3-4557-8B2A-1DD074517DD5} = {22B93579-BFE9-42BC-9F0F-E24A6EB997D4}
		{335D339B-C138-4BED-9204-17F8FD0D095A} = {22B93579-BFE9-42BC-9F0F-E24A6EB997D4}
		{912DC50B-D255-4627-A81E-05DFC547ED65} = {22B93579-BFE9-42BC-9F0F-E24A6EB997D4}
		{5560E44B-61BD-41BF-AEE5-F343F5F90D74} = {22B93579-BFE9-42BC-9F0F-E24A6EB997D4}
		{3BC196F0-2A9F-450B-AE13-2A24CFD2A683} = {22B93579-BFE9-42BC-9F0F-E24A6EB997D4}
		{F06EFED1-590C-4436-BF39-E1844FF2429B} = {A24E7149-4955-4D3A-8DD4-BBD2D3C3728C}
		{3748B3D2-3634-4D9C-A545-973167933334} = {FD88AFCF-EB8F-4547-9E64-2C4C043C011F}
		{7290DBE9-BE12-44D4-B2C1-DB3704AE98BE} = {FD88AFCF-EB8F-4547-9E64-2C4C043C011F}
		{68B77B69-79C6-4DE4-AAAC-2A3692F28FDB} = {FD88AFCF-EB8F-4547-9E64-2C4C043C011F}
		{F1AAC57C-9131-4762-A218-15036307090C} = {6AAAB153-4C6A-4145-8903-3A6D98DA531E}
	EndGlobalSection
	GlobalSection(ExtensibilityGlobals) = postSolution
		SolutionGuid = {3D612E73-A9EC-4BDD-85E9-63BF387109F5}
	EndGlobalSection
EndGlobal
