
Microsoft Visual Studio Solution File, Format Version 12.00
# Visual Studio Version 17
VisualStudioVersion = 17.6.33801.468
MinimumVisualStudioVersion = 10.0.40219.1
Project("{2150E333-8FDC-42A3-9474-1A3956D46DE8}") = "API", "API", "{BFB30D87-E53C-4406-923E-DF0DD57640B8}"
EndProject
Project("{2150E333-8FDC-42A3-9474-1A3956D46DE8}") = "BSL", "BSL", "{9B72AA06-F8EA-4CEF-A2D1-06E651B0E55D}"
EndProject
Project("{2150E333-8FDC-42A3-9474-1A3956D46DE8}") = "Business", "Business", "{8ACD48E9-6695-41B4-92AF-123D70621C02}"
EndProject
Project("{2150E333-8FDC-42A3-9474-1A3956D46DE8}") = "Common", "Common", "{435921D9-5EBB-43A1-B22F-4EE274A37C40}"
EndProject
Project("{2150E333-8FDC-42A3-9474-1A3956D46DE8}") = "Consoles", "Consoles", "{2CB0C1A2-1001-43DE-846A-28B5826D92DE}"
EndProject
Project("{2150E333-8FDC-42A3-9474-1A3956D46DE8}") = "EF", "EF", "{237E8F8B-CB93-4D31-8E80-AF7B9B72DD24}"
EndProject
Project("{2150E333-8FDC-42A3-9474-1A3956D46DE8}") = "Tests", "Tests", "{F5727082-8404-4E46-BDFB-08262EF4E30D}"
EndProject
Project("{9A19103F-16F7-4668-BE54-9A1E7A4F7556}") = "Contoso.Data", "Contoso.Data\Contoso.Data.csproj", "{A23AE7AB-CAFA-4FBB-93E0-C3CAA235D0C2}"
EndProject
Project("{9A19103F-16F7-4668-BE54-9A1E7A4F7556}") = "Contoso.Contexts", "Contoso.Contexts\Contoso.Contexts.csproj", "{22AF18A4-0CAF-4034-9880-603C22FAF9B3}"
EndProject
Project("{9A19103F-16F7-4668-BE54-9A1E7A4F7556}") = "Contoso.Stores", "Contoso.Stores\Contoso.Stores.csproj", "{DD0A0E60-5BE6-445C-8361-FCA65D07B805}"
EndProject
Project("{9A19103F-16F7-4668-BE54-9A1E7A4F7556}") = "Contoso.Utils", "Contoso.Utils\Contoso.Utils.csproj", "{D39120FD-3764-48E1-8B36-505FD46D72AB}"
EndProject
Project("{9A19103F-16F7-4668-BE54-9A1E7A4F7556}") = "Contoso.Parameters", "Contoso.Parameters\Contoso.Parameters.csproj", "{4F11AFB7-BE15-4CDE-A940-A1CFF8D36033}"
EndProject
Project("{9A19103F-16F7-4668-BE54-9A1E7A4F7556}") = "Contoso.Common.Configuration", "Contoso.Common.Configuration\Contoso.Common.Configuration.csproj", "{D21963A0-F934-4E5F-9E23-78448F99A341}"
EndProject
Project("{9A19103F-16F7-4668-BE54-9A1E7A4F7556}") = "Contoso.Common.Utils", "Contoso.Common.Utils\Contoso.Common.Utils.csproj", "{E7CD1711-A454-49DF-8581-4DE6B8D75D72}"
EndProject
Project("{9A19103F-16F7-4668-BE54-9A1E7A4F7556}") = "Contoso.AutoMapperProfiles", "Contoso.AutoMapperProfiles\Contoso.AutoMapperProfiles.csproj", "{896AED73-1457-48CA-A52A-31DFF180F9E7}"
EndProject
Project("{9A19103F-16F7-4668-BE54-9A1E7A4F7556}") = "Contoso.Domain", "Contoso.Domain\Contoso.Domain.csproj", "{4E71FFDE-EA81-4449-8354-2DECEB0FD378}"
EndProject
Project("{9A19103F-16F7-4668-BE54-9A1E7A4F7556}") = "Contoso.Repositories", "Contoso.Repositories\Contoso.Repositories.csproj", "{A83D03C0-7096-40B7-A45C-44B5F129319D}"
EndProject
Project("{9A19103F-16F7-4668-BE54-9A1E7A4F7556}") = "Contoso.Web.Utils", "Contoso.Web.Utils\Contoso.Web.Utils.csproj", "{4E71C679-3B0E-4991-B0CD-B3C6B044772A}"
EndProject
Project("{9A19103F-16F7-4668-BE54-9A1E7A4F7556}") = "Contoso.Bsl.Business", "Contoso.Bsl.Business\Contoso.Bsl.Business.csproj", "{B2D8BD7D-9F23-4939-BAEE-B709CA2BD347}"
EndProject
Project("{9A19103F-16F7-4668-BE54-9A1E7A4F7556}") = "Contoso.Bsl.Utils", "Contoso.Bsl.Utils\Contoso.Bsl.Utils.csproj", "{C67FFAC1-2D3C-4DAB-8F97-79D7187BA7F9}"
EndProject
Project("{9A19103F-16F7-4668-BE54-9A1E7A4F7556}") = "Contoso.Bsl.Flow", "Contoso.Bsl.Flow\Contoso.Bsl.Flow.csproj", "{545C8E50-0FCD-40FD-BEB6-C5DDD4B908C6}"
EndProject
Project("{9A19103F-16F7-4668-BE54-9A1E7A4F7556}") = "Contoso.BSL.AutoMapperProfiles", "Contoso.BSL.AutoMapperProfiles\Contoso.BSL.AutoMapperProfiles.csproj", "{B29D2F66-A350-476B-8B24-FDFC53033181}"
EndProject
Project("{9A19103F-16F7-4668-BE54-9A1E7A4F7556}") = "Contoso.Bsl", "Contoso.Bsl\Contoso.Bsl.csproj", "{BE058E52-3F80-4663-BF57-D7998D3949E7}"
EndProject
Project("{9A19103F-16F7-4668-BE54-9A1E7A4F7556}") = "Contoso.Api", "Contoso.Api\Contoso.Api.csproj", "{D160F6F0-E92F-4E2C-A547-81C65C5EB09F}"
EndProject
Project("{9A19103F-16F7-4668-BE54-9A1E7A4F7556}") = "Contoso.Bsl.Flow.Integration.Tests", "Contoso.Bsl.Flow.Integration.Tests\Contoso.Bsl.Flow.Integration.Tests.csproj", "{B39D3296-9FBA-4EC2-9014-CF5E09B5769D}"
EndProject
Project("{9A19103F-16F7-4668-BE54-9A1E7A4F7556}") = "Contoso.Bsl.Flow.Unit.Tests", "Contoso.Bsl.Flow.Unit.Tests\Contoso.Bsl.Flow.Unit.Tests.csproj", "{401B05BD-4F13-4D90-B2B8-AF546D7EAA9E}"
EndProject
Project("{9A19103F-16F7-4668-BE54-9A1E7A4F7556}") = "Contoso.Api.Web.Tests", "Contoso.Api.Web.Tests\Contoso.Api.Web.Tests.csproj", "{D0B5B188-6E3C-47AC-9CBD-2C1975796432}"
EndProject
Global
	GlobalSection(SolutionConfigurationPlatforms) = preSolution
		Debug|Any CPU = Debug|Any CPU
		Release|Any CPU = Release|Any CPU
	EndGlobalSection
	GlobalSection(ProjectConfigurationPlatforms) = postSolution
		{A23AE7AB-CAFA-4FBB-93E0-C3CAA235D0C2}.Debug|Any CPU.ActiveCfg = Debug|Any CPU
		{A23AE7AB-CAFA-4FBB-93E0-C3CAA235D0C2}.Debug|Any CPU.Build.0 = Debug|Any CPU
		{A23AE7AB-CAFA-4FBB-93E0-C3CAA235D0C2}.Release|Any CPU.ActiveCfg = Release|Any CPU
		{A23AE7AB-CAFA-4FBB-93E0-C3CAA235D0C2}.Release|Any CPU.Build.0 = Release|Any CPU
		{22AF18A4-0CAF-4034-9880-603C22FAF9B3}.Debug|Any CPU.ActiveCfg = Debug|Any CPU
		{22AF18A4-0CAF-4034-9880-603C22FAF9B3}.Debug|Any CPU.Build.0 = Debug|Any CPU
		{22AF18A4-0CAF-4034-9880-603C22FAF9B3}.Release|Any CPU.ActiveCfg = Release|Any CPU
		{22AF18A4-0CAF-4034-9880-603C22FAF9B3}.Release|Any CPU.Build.0 = Release|Any CPU
		{DD0A0E60-5BE6-445C-8361-FCA65D07B805}.Debug|Any CPU.ActiveCfg = Debug|Any CPU
		{DD0A0E60-5BE6-445C-8361-FCA65D07B805}.Debug|Any CPU.Build.0 = Debug|Any CPU
		{DD0A0E60-5BE6-445C-8361-FCA65D07B805}.Release|Any CPU.ActiveCfg = Release|Any CPU
		{DD0A0E60-5BE6-445C-8361-FCA65D07B805}.Release|Any CPU.Build.0 = Release|Any CPU
		{D39120FD-3764-48E1-8B36-505FD46D72AB}.Debug|Any CPU.ActiveCfg = Debug|Any CPU
		{D39120FD-3764-48E1-8B36-505FD46D72AB}.Debug|Any CPU.Build.0 = Debug|Any CPU
		{D39120FD-3764-48E1-8B36-505FD46D72AB}.Release|Any CPU.ActiveCfg = Release|Any CPU
		{D39120FD-3764-48E1-8B36-505FD46D72AB}.Release|Any CPU.Build.0 = Release|Any CPU
		{4F11AFB7-BE15-4CDE-A940-A1CFF8D36033}.Debug|Any CPU.ActiveCfg = Debug|Any CPU
		{4F11AFB7-BE15-4CDE-A940-A1CFF8D36033}.Debug|Any CPU.Build.0 = Debug|Any CPU
		{4F11AFB7-BE15-4CDE-A940-A1CFF8D36033}.Release|Any CPU.ActiveCfg = Release|Any CPU
		{4F11AFB7-BE15-4CDE-A940-A1CFF8D36033}.Release|Any CPU.Build.0 = Release|Any CPU
		{D21963A0-F934-4E5F-9E23-78448F99A341}.Debug|Any CPU.ActiveCfg = Debug|Any CPU
		{D21963A0-F934-4E5F-9E23-78448F99A341}.Debug|Any CPU.Build.0 = Debug|Any CPU
		{D21963A0-F934-4E5F-9E23-78448F99A341}.Release|Any CPU.ActiveCfg = Release|Any CPU
		{D21963A0-F934-4E5F-9E23-78448F99A341}.Release|Any CPU.Build.0 = Release|Any CPU
		{E7CD1711-A454-49DF-8581-4DE6B8D75D72}.Debug|Any CPU.ActiveCfg = Debug|Any CPU
		{E7CD1711-A454-49DF-8581-4DE6B8D75D72}.Debug|Any CPU.Build.0 = Debug|Any CPU
		{E7CD1711-A454-49DF-8581-4DE6B8D75D72}.Release|Any CPU.ActiveCfg = Release|Any CPU
		{E7CD1711-A454-49DF-8581-4DE6B8D75D72}.Release|Any CPU.Build.0 = Release|Any CPU
		{896AED73-1457-48CA-A52A-31DFF180F9E7}.Debug|Any CPU.ActiveCfg = Debug|Any CPU
		{896AED73-1457-48CA-A52A-31DFF180F9E7}.Debug|Any CPU.Build.0 = Debug|Any CPU
		{896AED73-1457-48CA-A52A-31DFF180F9E7}.Release|Any CPU.ActiveCfg = Release|Any CPU
		{896AED73-1457-48CA-A52A-31DFF180F9E7}.Release|Any CPU.Build.0 = Release|Any CPU
		{4E71FFDE-EA81-4449-8354-2DECEB0FD378}.Debug|Any CPU.ActiveCfg = Debug|Any CPU
		{4E71FFDE-EA81-4449-8354-2DECEB0FD378}.Debug|Any CPU.Build.0 = Debug|Any CPU
		{4E71FFDE-EA81-4449-8354-2DECEB0FD378}.Release|Any CPU.ActiveCfg = Release|Any CPU
		{4E71FFDE-EA81-4449-8354-2DECEB0FD378}.Release|Any CPU.Build.0 = Release|Any CPU
		{A83D03C0-7096-40B7-A45C-44B5F129319D}.Debug|Any CPU.ActiveCfg = Debug|Any CPU
		{A83D03C0-7096-40B7-A45C-44B5F129319D}.Debug|Any CPU.Build.0 = Debug|Any CPU
		{A83D03C0-7096-40B7-A45C-44B5F129319D}.Release|Any CPU.ActiveCfg = Release|Any CPU
		{A83D03C0-7096-40B7-A45C-44B5F129319D}.Release|Any CPU.Build.0 = Release|Any CPU
		{4E71C679-3B0E-4991-B0CD-B3C6B044772A}.Debug|Any CPU.ActiveCfg = Debug|Any CPU
		{4E71C679-3B0E-4991-B0CD-B3C6B044772A}.Debug|Any CPU.Build.0 = Debug|Any CPU
		{4E71C679-3B0E-4991-B0CD-B3C6B044772A}.Release|Any CPU.ActiveCfg = Release|Any CPU
		{4E71C679-3B0E-4991-B0CD-B3C6B044772A}.Release|Any CPU.Build.0 = Release|Any CPU
		{B2D8BD7D-9F23-4939-BAEE-B709CA2BD347}.Debug|Any CPU.ActiveCfg = Debug|Any CPU
		{B2D8BD7D-9F23-4939-BAEE-B709CA2BD347}.Debug|Any CPU.Build.0 = Debug|Any CPU
		{B2D8BD7D-9F23-4939-BAEE-B709CA2BD347}.Release|Any CPU.ActiveCfg = Release|Any CPU
		{B2D8BD7D-9F23-4939-BAEE-B709CA2BD347}.Release|Any CPU.Build.0 = Release|Any CPU
		{C67FFAC1-2D3C-4DAB-8F97-79D7187BA7F9}.Debug|Any CPU.ActiveCfg = Debug|Any CPU
		{C67FFAC1-2D3C-4DAB-8F97-79D7187BA7F9}.Debug|Any CPU.Build.0 = Debug|Any CPU
		{C67FFAC1-2D3C-4DAB-8F97-79D7187BA7F9}.Release|Any CPU.ActiveCfg = Release|Any CPU
		{C67FFAC1-2D3C-4DAB-8F97-79D7187BA7F9}.Release|Any CPU.Build.0 = Release|Any CPU
		{545C8E50-0FCD-40FD-BEB6-C5DDD4B908C6}.Debug|Any CPU.ActiveCfg = Debug|Any CPU
		{545C8E50-0FCD-40FD-BEB6-C5DDD4B908C6}.Debug|Any CPU.Build.0 = Debug|Any CPU
		{545C8E50-0FCD-40FD-BEB6-C5DDD4B908C6}.Release|Any CPU.ActiveCfg = Release|Any CPU
		{545C8E50-0FCD-40FD-BEB6-C5DDD4B908C6}.Release|Any CPU.Build.0 = Release|Any CPU
		{B29D2F66-A350-476B-8B24-FDFC53033181}.Debug|Any CPU.ActiveCfg = Debug|Any CPU
		{B29D2F66-A350-476B-8B24-FDFC53033181}.Debug|Any CPU.Build.0 = Debug|Any CPU
		{B29D2F66-A350-476B-8B24-FDFC53033181}.Release|Any CPU.ActiveCfg = Release|Any CPU
		{B29D2F66-A350-476B-8B24-FDFC53033181}.Release|Any CPU.Build.0 = Release|Any CPU
		{BE058E52-3F80-4663-BF57-D7998D3949E7}.Debug|Any CPU.ActiveCfg = Debug|Any CPU
		{BE058E52-3F80-4663-BF57-D7998D3949E7}.Debug|Any CPU.Build.0 = Debug|Any CPU
		{BE058E52-3F80-4663-BF57-D7998D3949E7}.Release|Any CPU.ActiveCfg = Release|Any CPU
		{BE058E52-3F80-4663-BF57-D7998D3949E7}.Release|Any CPU.Build.0 = Release|Any CPU
		{D160F6F0-E92F-4E2C-A547-81C65C5EB09F}.Debug|Any CPU.ActiveCfg = Debug|Any CPU
		{D160F6F0-E92F-4E2C-A547-81C65C5EB09F}.Debug|Any CPU.Build.0 = Debug|Any CPU
		{D160F6F0-E92F-4E2C-A547-81C65C5EB09F}.Release|Any CPU.ActiveCfg = Release|Any CPU
		{D160F6F0-E92F-4E2C-A547-81C65C5EB09F}.Release|Any CPU.Build.0 = Release|Any CPU
		{B39D3296-9FBA-4EC2-9014-CF5E09B5769D}.Debug|Any CPU.ActiveCfg = Debug|Any CPU
		{B39D3296-9FBA-4EC2-9014-CF5E09B5769D}.Debug|Any CPU.Build.0 = Debug|Any CPU
		{B39D3296-9FBA-4EC2-9014-CF5E09B5769D}.Release|Any CPU.ActiveCfg = Release|Any CPU
		{B39D3296-9FBA-4EC2-9014-CF5E09B5769D}.Release|Any CPU.Build.0 = Release|Any CPU
		{401B05BD-4F13-4D90-B2B8-AF546D7EAA9E}.Debug|Any CPU.ActiveCfg = Debug|Any CPU
		{401B05BD-4F13-4D90-B2B8-AF546D7EAA9E}.Debug|Any CPU.Build.0 = Debug|Any CPU
		{401B05BD-4F13-4D90-B2B8-AF546D7EAA9E}.Release|Any CPU.ActiveCfg = Release|Any CPU
		{401B05BD-4F13-4D90-B2B8-AF546D7EAA9E}.Release|Any CPU.Build.0 = Release|Any CPU
		{D0B5B188-6E3C-47AC-9CBD-2C1975796432}.Debug|Any CPU.ActiveCfg = Debug|Any CPU
		{D0B5B188-6E3C-47AC-9CBD-2C1975796432}.Debug|Any CPU.Build.0 = Debug|Any CPU
		{D0B5B188-6E3C-47AC-9CBD-2C1975796432}.Release|Any CPU.ActiveCfg = Release|Any CPU
		{D0B5B188-6E3C-47AC-9CBD-2C1975796432}.Release|Any CPU.Build.0 = Release|Any CPU
	EndGlobalSection
	GlobalSection(SolutionProperties) = preSolution
		HideSolutionNode = FALSE
	EndGlobalSection
	GlobalSection(NestedProjects) = preSolution
		{A23AE7AB-CAFA-4FBB-93E0-C3CAA235D0C2} = {237E8F8B-CB93-4D31-8E80-AF7B9B72DD24}
		{22AF18A4-0CAF-4034-9880-603C22FAF9B3} = {237E8F8B-CB93-4D31-8E80-AF7B9B72DD24}
		{DD0A0E60-5BE6-445C-8361-FCA65D07B805} = {237E8F8B-CB93-4D31-8E80-AF7B9B72DD24}
		{D39120FD-3764-48E1-8B36-505FD46D72AB} = {435921D9-5EBB-43A1-B22F-4EE274A37C40}
		{4F11AFB7-BE15-4CDE-A940-A1CFF8D36033} = {435921D9-5EBB-43A1-B22F-4EE274A37C40}
		{D21963A0-F934-4E5F-9E23-78448F99A341} = {435921D9-5EBB-43A1-B22F-4EE274A37C40}
		{E7CD1711-A454-49DF-8581-4DE6B8D75D72} = {435921D9-5EBB-43A1-B22F-4EE274A37C40}
		{896AED73-1457-48CA-A52A-31DFF180F9E7} = {435921D9-5EBB-43A1-B22F-4EE274A37C40}
		{4E71FFDE-EA81-4449-8354-2DECEB0FD378} = {8ACD48E9-6695-41B4-92AF-123D70621C02}
		{A83D03C0-7096-40B7-A45C-44B5F129319D} = {8ACD48E9-6695-41B4-92AF-123D70621C02}
		{4E71C679-3B0E-4991-B0CD-B3C6B044772A} = {435921D9-5EBB-43A1-B22F-4EE274A37C40}
		{B2D8BD7D-9F23-4939-BAEE-B709CA2BD347} = {9B72AA06-F8EA-4CEF-A2D1-06E651B0E55D}
		{C67FFAC1-2D3C-4DAB-8F97-79D7187BA7F9} = {9B72AA06-F8EA-4CEF-A2D1-06E651B0E55D}
		{545C8E50-0FCD-40FD-BEB6-C5DDD4B908C6} = {9B72AA06-F8EA-4CEF-A2D1-06E651B0E55D}
		{B29D2F66-A350-476B-8B24-FDFC53033181} = {9B72AA06-F8EA-4CEF-A2D1-06E651B0E55D}
		{BE058E52-3F80-4663-BF57-D7998D3949E7} = {9B72AA06-F8EA-4CEF-A2D1-06E651B0E55D}
		{D160F6F0-E92F-4E2C-A547-81C65C5EB09F} = {BFB30D87-E53C-4406-923E-DF0DD57640B8}
		{B39D3296-9FBA-4EC2-9014-CF5E09B5769D} = {F5727082-8404-4E46-BDFB-08262EF4E30D}
		{401B05BD-4F13-4D90-B2B8-AF546D7EAA9E} = {F5727082-8404-4E46-BDFB-08262EF4E30D}
		{D0B5B188-6E3C-47AC-9CBD-2C1975796432} = {F5727082-8404-4E46-BDFB-08262EF4E30D}
	EndGlobalSection
	GlobalSection(ExtensibilityGlobals) = postSolution
		SolutionGuid = {60B42092-2A5B-493D-A9CD-50D9BFAAB57E}
	EndGlobalSection
EndGlobal
