
Microsoft Visual Studio Solution File, Format Version 12.00
# Visual Studio 15
VisualStudioVersion = 15.0.27703.2035
MinimumVisualStudioVersion = 10.0.40219.1
Project("{2150E333-8FDC-42A3-9474-1A3956D46DE8}") = "Business", "Business", "{B394E062-7ABF-47D1-9F8D-6C45F398168C}"
EndProject
Project("{2150E333-8FDC-42A3-9474-1A3956D46DE8}") = "Common", "Common", "{532B46B7-E284-426A-9238-5CA4DD9B9EA1}"
EndProject
Project("{2150E333-8FDC-42A3-9474-1A3956D46DE8}") = "Consoles", "Consoles", "{D8AD38CA-01AF-4C4E-A99D-831909C23E76}"
EndProject
Project("{2150E333-8FDC-42A3-9474-1A3956D46DE8}") = "EF", "EF", "{A513C75F-C74C-4137-AAF6-B79752201115}"
EndProject
Project("{2150E333-8FDC-42A3-9474-1A3956D46DE8}") = "Tests", "Tests", "{2930B1A6-820D-46FC-A428-BBC40C98D459}"
EndProject
Project("{2150E333-8FDC-42A3-9474-1A3956D46DE8}") = "Web", "Web", "{633524C3-292F-4F58-BD12-10547D7C7117}"
EndProject
Project("{9A19103F-16F7-4668-BE54-9A1E7A4F7556}") = "Contoso.Data", "Contoso.Data\Contoso.Data.csproj", "{03FFF5C6-15A8-43F7-99F7-49C0BA4BAFE1}"
EndProject
Project("{9A19103F-16F7-4668-BE54-9A1E7A4F7556}") = "Contoso.Contexts", "Contoso.Contexts\Contoso.Contexts.csproj", "{71014D64-D4B0-4C29-8E52-DDFE7F488579}"
EndProject
Project("{9A19103F-16F7-4668-BE54-9A1E7A4F7556}") = "Contoso.Stores", "Contoso.Stores\Contoso.Stores.csproj", "{393D7E45-C0DC-440D-9615-868F12864459}"
EndProject
Project("{9A19103F-16F7-4668-BE54-9A1E7A4F7556}") = "Contoso.Utils", "Contoso.Utils\Contoso.Utils.csproj", "{4785807C-9ABD-4B02-BF9E-DAF16FD858EA}"
EndProject
Project("{9A19103F-16F7-4668-BE54-9A1E7A4F7556}") = "Contoso.Domain", "Contoso.Domain\Contoso.Domain.csproj", "{D06FB742-50FF-40A9-BCAA-E36DF986F78F}"
EndProject
Project("{9A19103F-16F7-4668-BE54-9A1E7A4F7556}") = "Contoso.Repositories", "Contoso.Repositories\Contoso.Repositories.csproj", "{6860700A-B9D9-4A0C-84BB-5DD654F31329}"
EndProject
Project("{9A19103F-16F7-4668-BE54-9A1E7A4F7556}") = "MigrationTool", "MigrationTool\MigrationTool.csproj", "{2CBDA356-8F13-45FD-8CBC-1E8205115182}"
EndProject
Project("{9A19103F-16F7-4668-BE54-9A1E7A4F7556}") = "Contoso.Forms.Parameters", "Contoso.Forms.Parameters\Contoso.Forms.Parameters.csproj", "{523E8A9F-DCF7-4BF8-9D7E-2FD2969D3474}"
EndProject
Project("{9A19103F-16F7-4668-BE54-9A1E7A4F7556}") = "Contoso.Forms.View", "Contoso.Forms.View\Contoso.Forms.View.csproj", "{D26D86E7-99C6-43CD-87DF-B081F4B140B8}"
EndProject
Project("{9A19103F-16F7-4668-BE54-9A1E7A4F7556}") = "CreateAutoMapperProfilesForViewAndParameters", "CreateAutoMapperProfilesForViewAndParameters\CreateAutoMapperProfilesForViewAndParameters.csproj", "{B67EC8C7-EDBF-437B-91DB-DE3EB39347B9}"
EndProject
Project("{9A19103F-16F7-4668-BE54-9A1E7A4F7556}") = "Contoso.AutoMapperProfiles", "Contoso.AutoMapperProfiles\Contoso.AutoMapperProfiles.csproj", "{DCEE19E9-543B-4E06-B339-7E49F7219928}"
EndProject
Project("{9A19103F-16F7-4668-BE54-9A1E7A4F7556}") = "CreateCommonView", "CreateCommonView\CreateCommonView.csproj", "{845BBC3E-6C95-498C-B51D-5FEA43856A61}"
EndProject
Project("{9A19103F-16F7-4668-BE54-9A1E7A4F7556}") = "UnitTests", "UnitTests\UnitTests.csproj", "{7A6787FA-BBCD-407D-B759-C8C2B2E29E65}"
EndProject
Project("{9A19103F-16F7-4668-BE54-9A1E7A4F7556}") = "IntegrationTests", "IntegrationTests\IntegrationTests.csproj", "{1B256BC2-F5B5-46BE-BC62-AC6F441670BA}"
EndProject
Project("{9A19103F-16F7-4668-BE54-9A1E7A4F7556}") = "Contoso.Kendo.ViewModels", "Contoso.Kendo.ViewModels\Contoso.Kendo.ViewModels.csproj", "{B8391C4D-1409-43F4-996B-534493E93CB0}"
EndProject
Project("{9A19103F-16F7-4668-BE54-9A1E7A4F7556}") = "Contoso.Kemdo.AutoMapperProfiles", "Contoso.Kemdo.AutoMapperProfiles\Contoso.Kemdo.AutoMapperProfiles.csproj", "{61D11320-1FBA-4826-98D5-6F8628DB6BC8}"
EndProject
Project("{9A19103F-16F7-4668-BE54-9A1E7A4F7556}") = "Contoso.Web.Utils", "Contoso.Web.Utils\Contoso.Web.Utils.csproj", "{133884BA-A4E0-4E9D-98A0-833C3D44B476}"
EndProject
Project("{9A19103F-16F7-4668-BE54-9A1E7A4F7556}") = "SeedTheDatabase", "SeedTheDatabase\SeedTheDatabase.csproj", "{6135DDAA-952F-499C-A346-74A009180E8E}"
EndProject
Project("{9A19103F-16F7-4668-BE54-9A1E7A4F7556}") = "Contoso.Web.Flow", "Contoso.Web.Flow\Contoso.Web.Flow.csproj", "{D262949D-E06B-4A0C-9D84-D195FCCD828D}"
EndProject
Project("{FAE04EC0-301F-11D3-BF4B-00C04F79EFBC}") = "Contoso.WebApi", "Contoso.WebApi\Contoso.WebApi.csproj", "{4E886DD5-A876-40E9-8A2A-7477D6E4F943}"
EndProject
Global
	GlobalSection(SolutionConfigurationPlatforms) = preSolution
		Debug|Any CPU = Debug|Any CPU
		Release|Any CPU = Release|Any CPU
	EndGlobalSection
	GlobalSection(ProjectConfigurationPlatforms) = postSolution
		{03FFF5C6-15A8-43F7-99F7-49C0BA4BAFE1}.Debug|Any CPU.ActiveCfg = Debug|Any CPU
		{03FFF5C6-15A8-43F7-99F7-49C0BA4BAFE1}.Debug|Any CPU.Build.0 = Debug|Any CPU
		{03FFF5C6-15A8-43F7-99F7-49C0BA4BAFE1}.Release|Any CPU.ActiveCfg = Release|Any CPU
		{03FFF5C6-15A8-43F7-99F7-49C0BA4BAFE1}.Release|Any CPU.Build.0 = Release|Any CPU
		{71014D64-D4B0-4C29-8E52-DDFE7F488579}.Debug|Any CPU.ActiveCfg = Debug|Any CPU
		{71014D64-D4B0-4C29-8E52-DDFE7F488579}.Debug|Any CPU.Build.0 = Debug|Any CPU
		{71014D64-D4B0-4C29-8E52-DDFE7F488579}.Release|Any CPU.ActiveCfg = Release|Any CPU
		{71014D64-D4B0-4C29-8E52-DDFE7F488579}.Release|Any CPU.Build.0 = Release|Any CPU
		{393D7E45-C0DC-440D-9615-868F12864459}.Debug|Any CPU.ActiveCfg = Debug|Any CPU
		{393D7E45-C0DC-440D-9615-868F12864459}.Debug|Any CPU.Build.0 = Debug|Any CPU
		{393D7E45-C0DC-440D-9615-868F12864459}.Release|Any CPU.ActiveCfg = Release|Any CPU
		{393D7E45-C0DC-440D-9615-868F12864459}.Release|Any CPU.Build.0 = Release|Any CPU
		{4785807C-9ABD-4B02-BF9E-DAF16FD858EA}.Debug|Any CPU.ActiveCfg = Debug|Any CPU
		{4785807C-9ABD-4B02-BF9E-DAF16FD858EA}.Debug|Any CPU.Build.0 = Debug|Any CPU
		{4785807C-9ABD-4B02-BF9E-DAF16FD858EA}.Release|Any CPU.ActiveCfg = Release|Any CPU
		{4785807C-9ABD-4B02-BF9E-DAF16FD858EA}.Release|Any CPU.Build.0 = Release|Any CPU
		{D06FB742-50FF-40A9-BCAA-E36DF986F78F}.Debug|Any CPU.ActiveCfg = Debug|Any CPU
		{D06FB742-50FF-40A9-BCAA-E36DF986F78F}.Debug|Any CPU.Build.0 = Debug|Any CPU
		{D06FB742-50FF-40A9-BCAA-E36DF986F78F}.Release|Any CPU.ActiveCfg = Release|Any CPU
		{D06FB742-50FF-40A9-BCAA-E36DF986F78F}.Release|Any CPU.Build.0 = Release|Any CPU
		{6860700A-B9D9-4A0C-84BB-5DD654F31329}.Debug|Any CPU.ActiveCfg = Debug|Any CPU
		{6860700A-B9D9-4A0C-84BB-5DD654F31329}.Debug|Any CPU.Build.0 = Debug|Any CPU
		{6860700A-B9D9-4A0C-84BB-5DD654F31329}.Release|Any CPU.ActiveCfg = Release|Any CPU
		{6860700A-B9D9-4A0C-84BB-5DD654F31329}.Release|Any CPU.Build.0 = Release|Any CPU
		{2CBDA356-8F13-45FD-8CBC-1E8205115182}.Debug|Any CPU.ActiveCfg = Debug|Any CPU
		{2CBDA356-8F13-45FD-8CBC-1E8205115182}.Debug|Any CPU.Build.0 = Debug|Any CPU
		{2CBDA356-8F13-45FD-8CBC-1E8205115182}.Release|Any CPU.ActiveCfg = Release|Any CPU
		{2CBDA356-8F13-45FD-8CBC-1E8205115182}.Release|Any CPU.Build.0 = Release|Any CPU
		{523E8A9F-DCF7-4BF8-9D7E-2FD2969D3474}.Debug|Any CPU.ActiveCfg = Debug|Any CPU
		{523E8A9F-DCF7-4BF8-9D7E-2FD2969D3474}.Debug|Any CPU.Build.0 = Debug|Any CPU
		{523E8A9F-DCF7-4BF8-9D7E-2FD2969D3474}.Release|Any CPU.ActiveCfg = Release|Any CPU
		{523E8A9F-DCF7-4BF8-9D7E-2FD2969D3474}.Release|Any CPU.Build.0 = Release|Any CPU
		{D26D86E7-99C6-43CD-87DF-B081F4B140B8}.Debug|Any CPU.ActiveCfg = Debug|Any CPU
		{D26D86E7-99C6-43CD-87DF-B081F4B140B8}.Debug|Any CPU.Build.0 = Debug|Any CPU
		{D26D86E7-99C6-43CD-87DF-B081F4B140B8}.Release|Any CPU.ActiveCfg = Release|Any CPU
		{D26D86E7-99C6-43CD-87DF-B081F4B140B8}.Release|Any CPU.Build.0 = Release|Any CPU
		{B67EC8C7-EDBF-437B-91DB-DE3EB39347B9}.Debug|Any CPU.ActiveCfg = Debug|Any CPU
		{B67EC8C7-EDBF-437B-91DB-DE3EB39347B9}.Debug|Any CPU.Build.0 = Debug|Any CPU
		{B67EC8C7-EDBF-437B-91DB-DE3EB39347B9}.Release|Any CPU.ActiveCfg = Release|Any CPU
		{B67EC8C7-EDBF-437B-91DB-DE3EB39347B9}.Release|Any CPU.Build.0 = Release|Any CPU
		{DCEE19E9-543B-4E06-B339-7E49F7219928}.Debug|Any CPU.ActiveCfg = Debug|Any CPU
		{DCEE19E9-543B-4E06-B339-7E49F7219928}.Debug|Any CPU.Build.0 = Debug|Any CPU
		{DCEE19E9-543B-4E06-B339-7E49F7219928}.Release|Any CPU.ActiveCfg = Release|Any CPU
		{DCEE19E9-543B-4E06-B339-7E49F7219928}.Release|Any CPU.Build.0 = Release|Any CPU
		{845BBC3E-6C95-498C-B51D-5FEA43856A61}.Debug|Any CPU.ActiveCfg = Debug|Any CPU
		{845BBC3E-6C95-498C-B51D-5FEA43856A61}.Debug|Any CPU.Build.0 = Debug|Any CPU
		{845BBC3E-6C95-498C-B51D-5FEA43856A61}.Release|Any CPU.ActiveCfg = Release|Any CPU
		{845BBC3E-6C95-498C-B51D-5FEA43856A61}.Release|Any CPU.Build.0 = Release|Any CPU
		{7A6787FA-BBCD-407D-B759-C8C2B2E29E65}.Debug|Any CPU.ActiveCfg = Debug|Any CPU
		{7A6787FA-BBCD-407D-B759-C8C2B2E29E65}.Debug|Any CPU.Build.0 = Debug|Any CPU
		{7A6787FA-BBCD-407D-B759-C8C2B2E29E65}.Release|Any CPU.ActiveCfg = Release|Any CPU
		{7A6787FA-BBCD-407D-B759-C8C2B2E29E65}.Release|Any CPU.Build.0 = Release|Any CPU
		{1B256BC2-F5B5-46BE-BC62-AC6F441670BA}.Debug|Any CPU.ActiveCfg = Debug|Any CPU
		{1B256BC2-F5B5-46BE-BC62-AC6F441670BA}.Debug|Any CPU.Build.0 = Debug|Any CPU
		{1B256BC2-F5B5-46BE-BC62-AC6F441670BA}.Release|Any CPU.ActiveCfg = Release|Any CPU
		{1B256BC2-F5B5-46BE-BC62-AC6F441670BA}.Release|Any CPU.Build.0 = Release|Any CPU
		{B8391C4D-1409-43F4-996B-534493E93CB0}.Debug|Any CPU.ActiveCfg = Debug|Any CPU
		{B8391C4D-1409-43F4-996B-534493E93CB0}.Debug|Any CPU.Build.0 = Debug|Any CPU
		{B8391C4D-1409-43F4-996B-534493E93CB0}.Release|Any CPU.ActiveCfg = Release|Any CPU
		{B8391C4D-1409-43F4-996B-534493E93CB0}.Release|Any CPU.Build.0 = Release|Any CPU
		{61D11320-1FBA-4826-98D5-6F8628DB6BC8}.Debug|Any CPU.ActiveCfg = Debug|Any CPU
		{61D11320-1FBA-4826-98D5-6F8628DB6BC8}.Debug|Any CPU.Build.0 = Debug|Any CPU
		{61D11320-1FBA-4826-98D5-6F8628DB6BC8}.Release|Any CPU.ActiveCfg = Release|Any CPU
		{61D11320-1FBA-4826-98D5-6F8628DB6BC8}.Release|Any CPU.Build.0 = Release|Any CPU
		{133884BA-A4E0-4E9D-98A0-833C3D44B476}.Debug|Any CPU.ActiveCfg = Debug|Any CPU
		{133884BA-A4E0-4E9D-98A0-833C3D44B476}.Debug|Any CPU.Build.0 = Debug|Any CPU
		{133884BA-A4E0-4E9D-98A0-833C3D44B476}.Release|Any CPU.ActiveCfg = Release|Any CPU
		{133884BA-A4E0-4E9D-98A0-833C3D44B476}.Release|Any CPU.Build.0 = Release|Any CPU
		{6135DDAA-952F-499C-A346-74A009180E8E}.Debug|Any CPU.ActiveCfg = Debug|Any CPU
		{6135DDAA-952F-499C-A346-74A009180E8E}.Debug|Any CPU.Build.0 = Debug|Any CPU
		{6135DDAA-952F-499C-A346-74A009180E8E}.Release|Any CPU.ActiveCfg = Release|Any CPU
		{6135DDAA-952F-499C-A346-74A009180E8E}.Release|Any CPU.Build.0 = Release|Any CPU
		{D262949D-E06B-4A0C-9D84-D195FCCD828D}.Debug|Any CPU.ActiveCfg = Debug|Any CPU
		{D262949D-E06B-4A0C-9D84-D195FCCD828D}.Debug|Any CPU.Build.0 = Debug|Any CPU
		{D262949D-E06B-4A0C-9D84-D195FCCD828D}.Release|Any CPU.ActiveCfg = Release|Any CPU
		{D262949D-E06B-4A0C-9D84-D195FCCD828D}.Release|Any CPU.Build.0 = Release|Any CPU
		{4E886DD5-A876-40E9-8A2A-7477D6E4F943}.Debug|Any CPU.ActiveCfg = Debug|Any CPU
		{4E886DD5-A876-40E9-8A2A-7477D6E4F943}.Debug|Any CPU.Build.0 = Debug|Any CPU
		{4E886DD5-A876-40E9-8A2A-7477D6E4F943}.Release|Any CPU.ActiveCfg = Release|Any CPU
		{4E886DD5-A876-40E9-8A2A-7477D6E4F943}.Release|Any CPU.Build.0 = Release|Any CPU
	EndGlobalSection
	GlobalSection(SolutionProperties) = preSolution
		HideSolutionNode = FALSE
	EndGlobalSection
	GlobalSection(NestedProjects) = preSolution
		{03FFF5C6-15A8-43F7-99F7-49C0BA4BAFE1} = {A513C75F-C74C-4137-AAF6-B79752201115}
		{71014D64-D4B0-4C29-8E52-DDFE7F488579} = {A513C75F-C74C-4137-AAF6-B79752201115}
		{393D7E45-C0DC-440D-9615-868F12864459} = {A513C75F-C74C-4137-AAF6-B79752201115}
		{4785807C-9ABD-4B02-BF9E-DAF16FD858EA} = {532B46B7-E284-426A-9238-5CA4DD9B9EA1}
		{D06FB742-50FF-40A9-BCAA-E36DF986F78F} = {B394E062-7ABF-47D1-9F8D-6C45F398168C}
		{6860700A-B9D9-4A0C-84BB-5DD654F31329} = {B394E062-7ABF-47D1-9F8D-6C45F398168C}
		{2CBDA356-8F13-45FD-8CBC-1E8205115182} = {D8AD38CA-01AF-4C4E-A99D-831909C23E76}
		{523E8A9F-DCF7-4BF8-9D7E-2FD2969D3474} = {532B46B7-E284-426A-9238-5CA4DD9B9EA1}
		{D26D86E7-99C6-43CD-87DF-B081F4B140B8} = {532B46B7-E284-426A-9238-5CA4DD9B9EA1}
		{B67EC8C7-EDBF-437B-91DB-DE3EB39347B9} = {D8AD38CA-01AF-4C4E-A99D-831909C23E76}
		{DCEE19E9-543B-4E06-B339-7E49F7219928} = {532B46B7-E284-426A-9238-5CA4DD9B9EA1}
		{845BBC3E-6C95-498C-B51D-5FEA43856A61} = {D8AD38CA-01AF-4C4E-A99D-831909C23E76}
		{7A6787FA-BBCD-407D-B759-C8C2B2E29E65} = {2930B1A6-820D-46FC-A428-BBC40C98D459}
		{1B256BC2-F5B5-46BE-BC62-AC6F441670BA} = {2930B1A6-820D-46FC-A428-BBC40C98D459}
		{B8391C4D-1409-43F4-996B-534493E93CB0} = {633524C3-292F-4F58-BD12-10547D7C7117}
		{61D11320-1FBA-4826-98D5-6F8628DB6BC8} = {633524C3-292F-4F58-BD12-10547D7C7117}
		{133884BA-A4E0-4E9D-98A0-833C3D44B476} = {633524C3-292F-4F58-BD12-10547D7C7117}
		{6135DDAA-952F-499C-A346-74A009180E8E} = {D8AD38CA-01AF-4C4E-A99D-831909C23E76}
		{D262949D-E06B-4A0C-9D84-D195FCCD828D} = {633524C3-292F-4F58-BD12-10547D7C7117}
		{4E886DD5-A876-40E9-8A2A-7477D6E4F943} = {633524C3-292F-4F58-BD12-10547D7C7117}
	EndGlobalSection
	GlobalSection(ExtensibilityGlobals) = postSolution
		SolutionGuid = {961DFF52-76FE-43F4-9AD4-1CE0E57D0B4C}
	EndGlobalSection
EndGlobal
