
Microsoft Visual Studio Solution File, Format Version 12.00
# Visual Studio 15
VisualStudioVersion = 15.0.27703.2026
MinimumVisualStudioVersion = 10.0.40219.1
Project("{2150E333-8FDC-42A3-9474-1A3956D46DE8}") = "EF", "EF", "{CC74DF91-2282-4C3A-9A50-E5E3DDB391BF}"
EndProject
Project("{9A19103F-16F7-4668-BE54-9A1E7A4F7556}") = "Enrollment.Data", "Enrollment.Data\Enrollment.Data.csproj", "{89F825A7-0AAB-4A31-9A9F-93D19136B84D}"
EndProject
Project("{9A19103F-16F7-4668-BE54-9A1E7A4F7556}") = "Enrollment.Contexts", "Enrollment.Contexts\Enrollment.Contexts.csproj", "{5867BEC7-3489-4A39-8DE4-FFCF0ED99442}"
EndProject
Project("{9A19103F-16F7-4668-BE54-9A1E7A4F7556}") = "Enrollment.Stores", "Enrollment.Stores\Enrollment.Stores.csproj", "{887321D0-48BC-40EE-8DA9-6DAF8F66DCD0}"
EndProject
Project("{2150E333-8FDC-42A3-9474-1A3956D46DE8}") = "Consoles", "Consoles", "{A73686FA-470E-44C9-95A4-ACA7F985F971}"
EndProject
Project("{9A19103F-16F7-4668-BE54-9A1E7A4F7556}") = "MigrationTool", "MigrationTool\MigrationTool.csproj", "{C0A232DE-55BE-4D9F-A94E-4C7EBD195782}"
EndProject
Project("{9A19103F-16F7-4668-BE54-9A1E7A4F7556}") = "SeedTheDatabase", "SeedTheDatabase\SeedTheDatabase.csproj", "{43FD09D1-7EF1-4F5C-972B-75366CC47ED3}"
EndProject
Project("{2150E333-8FDC-42A3-9474-1A3956D46DE8}") = "Common", "Common", "{4224BEA9-8E23-4698-94DA-9B37781B810E}"
EndProject
Project("{2150E333-8FDC-42A3-9474-1A3956D46DE8}") = "Business", "Business", "{25767828-C172-43CA-B6B1-EC94ABB5D689}"
EndProject
Project("{9A19103F-16F7-4668-BE54-9A1E7A4F7556}") = "Enrollment.Domain", "Enrollment.Domain\Enrollment.Domain.csproj", "{DC9C2718-4EE0-4144-BCB8-FDB5D6052C22}"
EndProject
Project("{9A19103F-16F7-4668-BE54-9A1E7A4F7556}") = "CreateDomainConsole", "CreateDomainConsole\CreateDomainConsole.csproj", "{BBB97576-C972-467E-B026-247E283E3D2D}"
EndProject
Project("{9A19103F-16F7-4668-BE54-9A1E7A4F7556}") = "Enrollment.Utils", "Enrollment.Utils\Enrollment.Utils.csproj", "{5524BF58-149F-4481-8AB4-4A6E1BEFA0AB}"
EndProject
Project("{9A19103F-16F7-4668-BE54-9A1E7A4F7556}") = "Enrollment.AutoMapperProfiles", "Enrollment.AutoMapperProfiles\Enrollment.AutoMapperProfiles.csproj", "{B3A21F45-4C31-4AE9-9560-468A83D661C7}"
EndProject
Project("{9A19103F-16F7-4668-BE54-9A1E7A4F7556}") = "Enrollment.Repositories", "Enrollment.Repositories\Enrollment.Repositories.csproj", "{587930C4-82DB-4FB0-9706-01BB9E44FFAA}"
EndProject
Project("{9A19103F-16F7-4668-BE54-9A1E7A4F7556}") = "Enrollment.Forms.Parameters", "Enrollment.Forms.Parameters\Enrollment.Forms.Parameters.csproj", "{355A2810-7B91-49B0-8913-E1D06B0690F2}"
EndProject
Project("{2150E333-8FDC-42A3-9474-1A3956D46DE8}") = "Tests", "Tests", "{F89A9385-AAF6-4A8E-8009-22FCD8ED86F5}"
EndProject
Project("{9A19103F-16F7-4668-BE54-9A1E7A4F7556}") = "UnitTests", "UnitTests\UnitTests.csproj", "{60F3F8CC-0506-4D3F-878F-701CF811C9B6}"
EndProject
Project("{2150E333-8FDC-42A3-9474-1A3956D46DE8}") = "Solution Items", "Solution Items", "{ED6F0CAD-550F-42F3-AB4E-24B10B6946B7}"
EndProject
Project("{9A19103F-16F7-4668-BE54-9A1E7A4F7556}") = "Enrollment.Kendo.ViewModels", "Enrollment.Kendo.ViewModels\Enrollment.Kendo.ViewModels.csproj", "{49EDCCF2-60E9-457E-940B-79A15650DCB0}"
EndProject
Project("{2150E333-8FDC-42A3-9474-1A3956D46DE8}") = "Web", "Web", "{A6210A38-7563-4265-B186-9DD711BBE839}"
EndProject
Project("{9A19103F-16F7-4668-BE54-9A1E7A4F7556}") = "Enrollment.Kemdo.AutoMapperProfiles", "Enrollment.Kemdo.AutoMapperProfiles\Enrollment.Kemdo.AutoMapperProfiles.csproj", "{C210A9BD-C68D-45EB-A29A-597261291D17}"
EndProject
Project("{9A19103F-16F7-4668-BE54-9A1E7A4F7556}") = "IntegrationTests", "IntegrationTests\IntegrationTests.csproj", "{7D8F6E74-9CD8-4B58-9D5E-7A9EA30DC664}"
EndProject
Project("{9A19103F-16F7-4668-BE54-9A1E7A4F7556}") = "Enrollment.Web.Utils", "Enrollment.Web.Utils\Enrollment.Web.Utils.csproj", "{D4026662-C7D4-463A-A4D7-65E88D00F61E}"
EndProject
Project("{9A19103F-16F7-4668-BE54-9A1E7A4F7556}") = "Enrollment.Web.Flow", "Enrollment.Web.Flow\Enrollment.Web.Flow.csproj", "{7D9451D0-9EEE-43EF-B962-17BF89B9852C}"
EndProject
Project("{9A19103F-16F7-4668-BE54-9A1E7A4F7556}") = "Enrollment.WebApi", "Enrollment.WebApi\Enrollment.WebApi.csproj", "{7664B326-64C6-490D-A58F-2ADB65BFE917}"
EndProject
Project("{9A19103F-16F7-4668-BE54-9A1E7A4F7556}") = "Enrollment.Forms.View", "Enrollment.Forms.View\Enrollment.Forms.View.csproj", "{5B150D2B-8657-4811-8D7D-CB15086AD406}"
EndProject
Project("{9A19103F-16F7-4668-BE54-9A1E7A4F7556}") = "CreateCommonView", "CreateCommonView\CreateCommonView.csproj", "{B59E8648-6A54-44A6-8926-955AB7A88FC3}"
EndProject
Project("{9A19103F-16F7-4668-BE54-9A1E7A4F7556}") = "CreateAutoMapperProfilesForViewAndParameters", "CreateAutoMapperProfilesForViewAndParameters\CreateAutoMapperProfilesForViewAndParameters.csproj", "{947F669E-9AE4-4ED1-9F41-687AF3957ED5}"
EndProject
Global
	GlobalSection(SolutionConfigurationPlatforms) = preSolution
		Debug|Any CPU = Debug|Any CPU
		Release|Any CPU = Release|Any CPU
	EndGlobalSection
	GlobalSection(ProjectConfigurationPlatforms) = postSolution
		{89F825A7-0AAB-4A31-9A9F-93D19136B84D}.Debug|Any CPU.ActiveCfg = Debug|Any CPU
		{89F825A7-0AAB-4A31-9A9F-93D19136B84D}.Debug|Any CPU.Build.0 = Debug|Any CPU
		{89F825A7-0AAB-4A31-9A9F-93D19136B84D}.Release|Any CPU.ActiveCfg = Release|Any CPU
		{89F825A7-0AAB-4A31-9A9F-93D19136B84D}.Release|Any CPU.Build.0 = Release|Any CPU
		{5867BEC7-3489-4A39-8DE4-FFCF0ED99442}.Debug|Any CPU.ActiveCfg = Debug|Any CPU
		{5867BEC7-3489-4A39-8DE4-FFCF0ED99442}.Debug|Any CPU.Build.0 = Debug|Any CPU
		{5867BEC7-3489-4A39-8DE4-FFCF0ED99442}.Release|Any CPU.ActiveCfg = Release|Any CPU
		{5867BEC7-3489-4A39-8DE4-FFCF0ED99442}.Release|Any CPU.Build.0 = Release|Any CPU
		{887321D0-48BC-40EE-8DA9-6DAF8F66DCD0}.Debug|Any CPU.ActiveCfg = Debug|Any CPU
		{887321D0-48BC-40EE-8DA9-6DAF8F66DCD0}.Debug|Any CPU.Build.0 = Debug|Any CPU
		{887321D0-48BC-40EE-8DA9-6DAF8F66DCD0}.Release|Any CPU.ActiveCfg = Release|Any CPU
		{887321D0-48BC-40EE-8DA9-6DAF8F66DCD0}.Release|Any CPU.Build.0 = Release|Any CPU
		{C0A232DE-55BE-4D9F-A94E-4C7EBD195782}.Debug|Any CPU.ActiveCfg = Debug|Any CPU
		{C0A232DE-55BE-4D9F-A94E-4C7EBD195782}.Debug|Any CPU.Build.0 = Debug|Any CPU
		{C0A232DE-55BE-4D9F-A94E-4C7EBD195782}.Release|Any CPU.ActiveCfg = Release|Any CPU
		{C0A232DE-55BE-4D9F-A94E-4C7EBD195782}.Release|Any CPU.Build.0 = Release|Any CPU
		{43FD09D1-7EF1-4F5C-972B-75366CC47ED3}.Debug|Any CPU.ActiveCfg = Debug|Any CPU
		{43FD09D1-7EF1-4F5C-972B-75366CC47ED3}.Debug|Any CPU.Build.0 = Debug|Any CPU
		{43FD09D1-7EF1-4F5C-972B-75366CC47ED3}.Release|Any CPU.ActiveCfg = Release|Any CPU
		{43FD09D1-7EF1-4F5C-972B-75366CC47ED3}.Release|Any CPU.Build.0 = Release|Any CPU
		{DC9C2718-4EE0-4144-BCB8-FDB5D6052C22}.Debug|Any CPU.ActiveCfg = Debug|Any CPU
		{DC9C2718-4EE0-4144-BCB8-FDB5D6052C22}.Debug|Any CPU.Build.0 = Debug|Any CPU
		{DC9C2718-4EE0-4144-BCB8-FDB5D6052C22}.Release|Any CPU.ActiveCfg = Release|Any CPU
		{DC9C2718-4EE0-4144-BCB8-FDB5D6052C22}.Release|Any CPU.Build.0 = Release|Any CPU
		{BBB97576-C972-467E-B026-247E283E3D2D}.Debug|Any CPU.ActiveCfg = Debug|Any CPU
		{BBB97576-C972-467E-B026-247E283E3D2D}.Debug|Any CPU.Build.0 = Debug|Any CPU
		{BBB97576-C972-467E-B026-247E283E3D2D}.Release|Any CPU.ActiveCfg = Release|Any CPU
		{BBB97576-C972-467E-B026-247E283E3D2D}.Release|Any CPU.Build.0 = Release|Any CPU
		{5524BF58-149F-4481-8AB4-4A6E1BEFA0AB}.Debug|Any CPU.ActiveCfg = Debug|Any CPU
		{5524BF58-149F-4481-8AB4-4A6E1BEFA0AB}.Debug|Any CPU.Build.0 = Debug|Any CPU
		{5524BF58-149F-4481-8AB4-4A6E1BEFA0AB}.Release|Any CPU.ActiveCfg = Release|Any CPU
		{5524BF58-149F-4481-8AB4-4A6E1BEFA0AB}.Release|Any CPU.Build.0 = Release|Any CPU
		{B3A21F45-4C31-4AE9-9560-468A83D661C7}.Debug|Any CPU.ActiveCfg = Debug|Any CPU
		{B3A21F45-4C31-4AE9-9560-468A83D661C7}.Debug|Any CPU.Build.0 = Debug|Any CPU
		{B3A21F45-4C31-4AE9-9560-468A83D661C7}.Release|Any CPU.ActiveCfg = Release|Any CPU
		{B3A21F45-4C31-4AE9-9560-468A83D661C7}.Release|Any CPU.Build.0 = Release|Any CPU
		{587930C4-82DB-4FB0-9706-01BB9E44FFAA}.Debug|Any CPU.ActiveCfg = Debug|Any CPU
		{587930C4-82DB-4FB0-9706-01BB9E44FFAA}.Debug|Any CPU.Build.0 = Debug|Any CPU
		{587930C4-82DB-4FB0-9706-01BB9E44FFAA}.Release|Any CPU.ActiveCfg = Release|Any CPU
		{587930C4-82DB-4FB0-9706-01BB9E44FFAA}.Release|Any CPU.Build.0 = Release|Any CPU
		{355A2810-7B91-49B0-8913-E1D06B0690F2}.Debug|Any CPU.ActiveCfg = Debug|Any CPU
		{355A2810-7B91-49B0-8913-E1D06B0690F2}.Debug|Any CPU.Build.0 = Debug|Any CPU
		{355A2810-7B91-49B0-8913-E1D06B0690F2}.Release|Any CPU.ActiveCfg = Release|Any CPU
		{355A2810-7B91-49B0-8913-E1D06B0690F2}.Release|Any CPU.Build.0 = Release|Any CPU
		{60F3F8CC-0506-4D3F-878F-701CF811C9B6}.Debug|Any CPU.ActiveCfg = Debug|Any CPU
		{60F3F8CC-0506-4D3F-878F-701CF811C9B6}.Debug|Any CPU.Build.0 = Debug|Any CPU
		{60F3F8CC-0506-4D3F-878F-701CF811C9B6}.Release|Any CPU.ActiveCfg = Release|Any CPU
		{60F3F8CC-0506-4D3F-878F-701CF811C9B6}.Release|Any CPU.Build.0 = Release|Any CPU
		{49EDCCF2-60E9-457E-940B-79A15650DCB0}.Debug|Any CPU.ActiveCfg = Debug|Any CPU
		{49EDCCF2-60E9-457E-940B-79A15650DCB0}.Debug|Any CPU.Build.0 = Debug|Any CPU
		{49EDCCF2-60E9-457E-940B-79A15650DCB0}.Release|Any CPU.ActiveCfg = Release|Any CPU
		{49EDCCF2-60E9-457E-940B-79A15650DCB0}.Release|Any CPU.Build.0 = Release|Any CPU
		{C210A9BD-C68D-45EB-A29A-597261291D17}.Debug|Any CPU.ActiveCfg = Debug|Any CPU
		{C210A9BD-C68D-45EB-A29A-597261291D17}.Debug|Any CPU.Build.0 = Debug|Any CPU
		{C210A9BD-C68D-45EB-A29A-597261291D17}.Release|Any CPU.ActiveCfg = Release|Any CPU
		{C210A9BD-C68D-45EB-A29A-597261291D17}.Release|Any CPU.Build.0 = Release|Any CPU
		{7D8F6E74-9CD8-4B58-9D5E-7A9EA30DC664}.Debug|Any CPU.ActiveCfg = Debug|Any CPU
		{7D8F6E74-9CD8-4B58-9D5E-7A9EA30DC664}.Debug|Any CPU.Build.0 = Debug|Any CPU
		{7D8F6E74-9CD8-4B58-9D5E-7A9EA30DC664}.Release|Any CPU.ActiveCfg = Release|Any CPU
		{7D8F6E74-9CD8-4B58-9D5E-7A9EA30DC664}.Release|Any CPU.Build.0 = Release|Any CPU
		{D4026662-C7D4-463A-A4D7-65E88D00F61E}.Debug|Any CPU.ActiveCfg = Debug|Any CPU
		{D4026662-C7D4-463A-A4D7-65E88D00F61E}.Debug|Any CPU.Build.0 = Debug|Any CPU
		{D4026662-C7D4-463A-A4D7-65E88D00F61E}.Release|Any CPU.ActiveCfg = Release|Any CPU
		{D4026662-C7D4-463A-A4D7-65E88D00F61E}.Release|Any CPU.Build.0 = Release|Any CPU
		{7D9451D0-9EEE-43EF-B962-17BF89B9852C}.Debug|Any CPU.ActiveCfg = Debug|Any CPU
		{7D9451D0-9EEE-43EF-B962-17BF89B9852C}.Debug|Any CPU.Build.0 = Debug|Any CPU
		{7D9451D0-9EEE-43EF-B962-17BF89B9852C}.Release|Any CPU.ActiveCfg = Release|Any CPU
		{7D9451D0-9EEE-43EF-B962-17BF89B9852C}.Release|Any CPU.Build.0 = Release|Any CPU
		{7664B326-64C6-490D-A58F-2ADB65BFE917}.Debug|Any CPU.ActiveCfg = Debug|Any CPU
		{7664B326-64C6-490D-A58F-2ADB65BFE917}.Debug|Any CPU.Build.0 = Debug|Any CPU
		{7664B326-64C6-490D-A58F-2ADB65BFE917}.Release|Any CPU.ActiveCfg = Release|Any CPU
		{7664B326-64C6-490D-A58F-2ADB65BFE917}.Release|Any CPU.Build.0 = Release|Any CPU
		{5B150D2B-8657-4811-8D7D-CB15086AD406}.Debug|Any CPU.ActiveCfg = Debug|Any CPU
		{5B150D2B-8657-4811-8D7D-CB15086AD406}.Debug|Any CPU.Build.0 = Debug|Any CPU
		{5B150D2B-8657-4811-8D7D-CB15086AD406}.Release|Any CPU.ActiveCfg = Release|Any CPU
		{5B150D2B-8657-4811-8D7D-CB15086AD406}.Release|Any CPU.Build.0 = Release|Any CPU
		{B59E8648-6A54-44A6-8926-955AB7A88FC3}.Debug|Any CPU.ActiveCfg = Debug|Any CPU
		{B59E8648-6A54-44A6-8926-955AB7A88FC3}.Debug|Any CPU.Build.0 = Debug|Any CPU
		{B59E8648-6A54-44A6-8926-955AB7A88FC3}.Release|Any CPU.ActiveCfg = Release|Any CPU
		{B59E8648-6A54-44A6-8926-955AB7A88FC3}.Release|Any CPU.Build.0 = Release|Any CPU
		{947F669E-9AE4-4ED1-9F41-687AF3957ED5}.Debug|Any CPU.ActiveCfg = Debug|Any CPU
		{947F669E-9AE4-4ED1-9F41-687AF3957ED5}.Debug|Any CPU.Build.0 = Debug|Any CPU
		{947F669E-9AE4-4ED1-9F41-687AF3957ED5}.Release|Any CPU.ActiveCfg = Release|Any CPU
		{947F669E-9AE4-4ED1-9F41-687AF3957ED5}.Release|Any CPU.Build.0 = Release|Any CPU
	EndGlobalSection
	GlobalSection(SolutionProperties) = preSolution
		HideSolutionNode = FALSE
	EndGlobalSection
	GlobalSection(NestedProjects) = preSolution
		{89F825A7-0AAB-4A31-9A9F-93D19136B84D} = {CC74DF91-2282-4C3A-9A50-E5E3DDB391BF}
		{5867BEC7-3489-4A39-8DE4-FFCF0ED99442} = {CC74DF91-2282-4C3A-9A50-E5E3DDB391BF}
		{887321D0-48BC-40EE-8DA9-6DAF8F66DCD0} = {CC74DF91-2282-4C3A-9A50-E5E3DDB391BF}
		{C0A232DE-55BE-4D9F-A94E-4C7EBD195782} = {A73686FA-470E-44C9-95A4-ACA7F985F971}
		{43FD09D1-7EF1-4F5C-972B-75366CC47ED3} = {A73686FA-470E-44C9-95A4-ACA7F985F971}
		{DC9C2718-4EE0-4144-BCB8-FDB5D6052C22} = {25767828-C172-43CA-B6B1-EC94ABB5D689}
		{BBB97576-C972-467E-B026-247E283E3D2D} = {A73686FA-470E-44C9-95A4-ACA7F985F971}
		{5524BF58-149F-4481-8AB4-4A6E1BEFA0AB} = {4224BEA9-8E23-4698-94DA-9B37781B810E}
		{B3A21F45-4C31-4AE9-9560-468A83D661C7} = {4224BEA9-8E23-4698-94DA-9B37781B810E}
		{587930C4-82DB-4FB0-9706-01BB9E44FFAA} = {25767828-C172-43CA-B6B1-EC94ABB5D689}
		{355A2810-7B91-49B0-8913-E1D06B0690F2} = {4224BEA9-8E23-4698-94DA-9B37781B810E}
		{60F3F8CC-0506-4D3F-878F-701CF811C9B6} = {F89A9385-AAF6-4A8E-8009-22FCD8ED86F5}
		{49EDCCF2-60E9-457E-940B-79A15650DCB0} = {A6210A38-7563-4265-B186-9DD711BBE839}
		{C210A9BD-C68D-45EB-A29A-597261291D17} = {A6210A38-7563-4265-B186-9DD711BBE839}
		{7D8F6E74-9CD8-4B58-9D5E-7A9EA30DC664} = {F89A9385-AAF6-4A8E-8009-22FCD8ED86F5}
		{D4026662-C7D4-463A-A4D7-65E88D00F61E} = {A6210A38-7563-4265-B186-9DD711BBE839}
		{7D9451D0-9EEE-43EF-B962-17BF89B9852C} = {A6210A38-7563-4265-B186-9DD711BBE839}
		{7664B326-64C6-490D-A58F-2ADB65BFE917} = {A6210A38-7563-4265-B186-9DD711BBE839}
		{5B150D2B-8657-4811-8D7D-CB15086AD406} = {4224BEA9-8E23-4698-94DA-9B37781B810E}
		{B59E8648-6A54-44A6-8926-955AB7A88FC3} = {A73686FA-470E-44C9-95A4-ACA7F985F971}
		{947F669E-9AE4-4ED1-9F41-687AF3957ED5} = {A73686FA-470E-44C9-95A4-ACA7F985F971}
	EndGlobalSection
	GlobalSection(ExtensibilityGlobals) = postSolution
		SolutionGuid = {DFF88D9E-82E8-402D-88BB-FAA837555F46}
	EndGlobalSection
EndGlobal
